{
  "version": 4,
  "terraform_version": "1.6.5",
  "serial": 69,
  "lineage": "1c456569-b0b1-3ad5-f786-eab7201d294c",
  "outputs": {
    "build_logs_public_url": {
      "value": {
        "Node-App-1": "https://us-east-1.codebuild.aws.amazon.com/project/eyJlbmNyeXB0ZWREYXRhIjoiNEtPRVd0bnQ1c2VQWjY0SkUvenlhMUhadGVCVXNFZXA1QnNCSFo4d2RENGdKWVE2dkhxUVY0QitDUVplL0hxVzlTcitjR3JxZVpIeFN3RkZ5blNBV3pOM1dFUTZoVXAvaENucSIsIml2UGFyYW1ldGVyU3BlYyI6InhUVkZZa3A1Mm55MVVKYUQiLCJtYXRlcmlhbFNldFNlcmlhbCI6MX0%3D"
      },
      "type": [
        "map",
        "string"
      ]
    },
    "dns_name": {
      "value": "jerin-tf-2109952822.us-east-1.elb.amazonaws.com",
      "type": "string"
    }
  },
  "resources": [
    {
      "mode": "data",
      "type": "aws_caller_identity",
      "name": "this",
      "provider": "provider[\"registry.terraform.io/hashicorp/aws\"]",
      "instances": [
        {
          "schema_version": 0,
          "attributes": {
            "account_id": "521503820723",
            "arn": "arn:aws:iam::521503820723:user/gem",
            "id": "521503820723",
            "user_id": "AIDAXS3AMZOZQJD3N3B7D"
          },
          "sensitive_attributes": []
        }
      ]
    },
    {
      "mode": "data",
      "type": "aws_iam_policy_document",
      "name": "this",
      "provider": "provider[\"registry.terraform.io/hashicorp/aws\"]",
      "instances": [
        {
          "index_key": 0,
          "schema_version": 0,
          "attributes": {
            "id": "4247746310",
            "json": "{\n  \"Version\": \"2012-10-17\",\n  \"Id\": \"__default_policy_ID\",\n  \"Statement\": [\n    {\n      \"Sid\": \"__default_statement_ID\",\n      \"Effect\": \"Allow\",\n      \"Action\": [\n        \"SNS:Subscribe\",\n        \"SNS:SetTopicAttributes\",\n        \"SNS:RemovePermission\",\n        \"SNS:Receive\",\n        \"SNS:Publish\",\n        \"SNS:ListSubscriptionsByTopic\",\n        \"SNS:GetTopicAttributes\",\n        \"SNS:DeleteTopic\",\n        \"SNS:AddPermission\"\n      ],\n      \"Resource\": \"arn:aws:sns:us-east-1:521503820723:Node-App-1-pipeline-notification\",\n      \"Principal\": {\n        \"AWS\": \"*\"\n      },\n      \"Condition\": {\n        \"StringEquals\": {\n          \"AWS:SourceOwner\": \"521503820723\"\n        }\n      }\n    },\n    {\n      \"Sid\": \"AWSCodeStarNotifications_publish\",\n      \"Effect\": \"Allow\",\n      \"Action\": \"SNS:Publish\",\n      \"Resource\": \"arn:aws:sns:us-east-1:521503820723:Node-App-1-pipeline-notification\",\n      \"Principal\": {\n        \"Service\": \"codestar-notifications.amazonaws.com\"\n      }\n    }\n  ]\n}",
            "override_policy_documents": null,
            "policy_id": "__default_policy_ID",
            "source_policy_documents": null,
            "statement": [
              {
                "actions": [
                  "SNS:AddPermission",
                  "SNS:DeleteTopic",
                  "SNS:GetTopicAttributes",
                  "SNS:ListSubscriptionsByTopic",
                  "SNS:Publish",
                  "SNS:Receive",
                  "SNS:RemovePermission",
                  "SNS:SetTopicAttributes",
                  "SNS:Subscribe"
                ],
                "condition": [
                  {
                    "test": "StringEquals",
                    "values": [
                      "521503820723"
                    ],
                    "variable": "AWS:SourceOwner"
                  }
                ],
                "effect": "Allow",
                "not_actions": [],
                "not_principals": [],
                "not_resources": [],
                "principals": [
                  {
                    "identifiers": [
                      "*"
                    ],
                    "type": "AWS"
                  }
                ],
                "resources": [
                  "arn:aws:sns:us-east-1:521503820723:Node-App-1-pipeline-notification"
                ],
                "sid": "__default_statement_ID"
              },
              {
                "actions": [
                  "SNS:Publish"
                ],
                "condition": [],
                "effect": "Allow",
                "not_actions": [],
                "not_principals": [],
                "not_resources": [],
                "principals": [
                  {
                    "identifiers": [
                      "codestar-notifications.amazonaws.com"
                    ],
                    "type": "Service"
                  }
                ],
                "resources": [
                  "arn:aws:sns:us-east-1:521503820723:Node-App-1-pipeline-notification"
                ],
                "sid": "AWSCodeStarNotifications_publish"
              }
            ],
            "version": "2012-10-17"
          },
          "sensitive_attributes": []
        }
      ]
    },
    {
      "mode": "data",
      "type": "aws_subnets",
      "name": "this",
      "provider": "provider[\"registry.terraform.io/hashicorp/aws\"]",
      "instances": [
        {
          "schema_version": 0,
          "attributes": {
            "filter": [
              {
                "name": "vpc-id",
                "values": [
                  "vpc-03b17fb842cf1c5fc"
                ]
              }
            ],
            "id": "us-east-1",
            "ids": [
              "subnet-02bc4f1f3f7e26416",
              "subnet-0222bdaf259d65cfd",
              "subnet-04927f289a3adc145",
              "subnet-0fbf5f87f72b258af",
              "subnet-0c96dbe2d6eb02c84",
              "subnet-0d3b9ae0b41956f19"
            ],
            "tags": null,
            "timeouts": null
          },
          "sensitive_attributes": []
        }
      ]
    },
    {
      "mode": "managed",
      "type": "aws_codestarnotifications_notification_rule",
      "name": "this",
      "provider": "provider[\"registry.terraform.io/hashicorp/aws\"]",
      "instances": [
        {
          "index_key": 0,
          "schema_version": 0,
          "attributes": {
            "arn": "arn:aws:codestar-notifications:us-east-1:521503820723:notificationrule/a1c30979e75ee3e04c8e6147e8352497985ea2b5",
            "detail_type": "FULL",
            "event_type_ids": [
              "codepipeline-pipeline-pipeline-execution-failed",
              "codepipeline-pipeline-pipeline-execution-succeeded"
            ],
            "id": "arn:aws:codestar-notifications:us-east-1:521503820723:notificationrule/a1c30979e75ee3e04c8e6147e8352497985ea2b5",
            "name": "Node-App-1-pipeline-notification",
            "resource": "arn:aws:codepipeline:us-east-1:521503820723:Node-App-1",
            "status": "ENABLED",
            "tags": {},
            "tags_all": {},
            "target": [
              {
                "address": "arn:aws:sns:us-east-1:521503820723:Node-App-1-pipeline-notification",
                "status": "ACTIVE",
                "type": "SNS"
              }
            ]
          },
          "sensitive_attributes": [],
          "private": "bnVsbA==",
          "dependencies": [
            "aws_codestarconnections_connection.this",
            "aws_ecr_repository.this",
            "aws_s3_bucket.this",
            "aws_secretsmanager_secret.this",
            "aws_sns_topic.this",
            "data.aws_caller_identity.this",
            "data.aws_subnets.this",
            "module.ec2-pipeline.aws_codebuild_project.this",
            "module.ec2-pipeline.aws_codedeploy_app.this",
            "module.ec2-pipeline.aws_codedeploy_deployment_group.this",
            "module.ec2-pipeline.aws_codepipeline.this",
            "module.ec2-pipeline.aws_codepipeline.this_1",
            "module.ec2-pipeline.aws_codepipeline.this_2",
            "module.ec2-pipeline.aws_iam_role.build_role",
            "module.ec2-pipeline.aws_iam_role.deploy_role",
            "module.ec2-pipeline.aws_iam_role.pipeline_role",
            "module.ec2-pipeline.aws_iam_role.public_build_role",
            "module.ec2-pipeline.aws_s3_bucket.this",
            "module.ec2-pipeline.data.aws_caller_identity.this",
            "module.ec2.aws_eip.this",
            "module.ec2.aws_iam_instance_profile.this",
            "module.ec2.aws_iam_role.ec2_role",
            "module.ec2.aws_iam_role_policy.ec2_policy",
            "module.ec2.aws_instance.this",
            "module.ecs-pipeline.aws_codebuild_project.this",
            "module.ecs-pipeline.aws_codedeploy_app.this",
            "module.ecs-pipeline.aws_codedeploy_deployment_group.this",
            "module.ecs-pipeline.aws_codepipeline.this",
            "module.ecs-pipeline.aws_codepipeline.this_1",
            "module.ecs-pipeline.aws_codepipeline.this_2",
            "module.ecs-pipeline.aws_iam_role.build_role",
            "module.ecs-pipeline.aws_iam_role.deploy_role",
            "module.ecs-pipeline.aws_iam_role.pipeline_role",
            "module.ecs-pipeline.aws_iam_role.public_build_role",
            "module.ecs-pipeline.aws_iam_role_policy.backend_build_policy",
            "module.ecs-pipeline.aws_iam_role_policy.build_policy",
            "module.ecs-pipeline.aws_iam_role_policy.deploy_policy",
            "module.ecs-pipeline.aws_iam_role_policy.pipeline_policy",
            "module.ecs-pipeline.aws_iam_role_policy.public_build_policy",
            "module.ecs-pipeline.aws_s3_bucket.this",
            "module.ecs-pipeline.aws_s3_bucket_policy.this",
            "module.ecs-pipeline.data.aws_caller_identity.this",
            "module.ecs-pipeline.data.aws_region.this",
            "module.ecs.aws_appautoscaling_policy.this",
            "module.ecs.aws_appautoscaling_target.this",
            "module.ecs.aws_cloudwatch_log_group.this",
            "module.ecs.aws_ecr_lifecycle_policy.this",
            "module.ecs.aws_ecr_repository.this",
            "module.ecs.aws_ecs_cluster.this",
            "module.ecs.aws_ecs_service.ignore_changes",
            "module.ecs.aws_ecs_service.this",
            "module.ecs.aws_ecs_task_definition.ignore_changes",
            "module.ecs.aws_ecs_task_definition.this",
            "module.ecs.aws_iam_role.this",
            "module.ecs.aws_iam_role_policy.this",
            "module.ecs.data.aws_caller_identity.this",
            "module.ecs.data.aws_region.this",
            "module.eks-cluster.aws_eks_cluster.cluster",
            "module.eks-cluster.aws_eks_node_group.ng",
            "module.eks-cluster.aws_iam_openid_connect_provider.cluster",
            "module.eks-cluster.aws_iam_role.cluster",
            "module.eks-cluster.aws_iam_role.kubectl_role",
            "module.eks-cluster.aws_iam_role.node_group",
            "module.eks-cluster.aws_iam_role_policy.AppMesh",
            "module.eks-cluster.aws_iam_role_policy.AutoScaling",
            "module.eks-cluster.aws_iam_role_policy.DNSChangeSet",
            "module.eks-cluster.aws_iam_role_policy.DNSHostedZones",
            "module.eks-cluster.aws_iam_role_policy.elb-permissions",
            "module.eks-cluster.aws_iam_role_policy.kubectl_policy",
            "module.eks-cluster.aws_iam_role_policy.lb-controller",
            "module.eks-cluster.aws_iam_role_policy_attachment.AmazonEC2ContainerRegistryPowerUser",
            "module.eks-cluster.aws_iam_role_policy_attachment.AmazonEC2ContainerRegistryReadOnly",
            "module.eks-cluster.aws_iam_role_policy_attachment.AmazonEKSClusterPolicy",
            "module.eks-cluster.aws_iam_role_policy_attachment.AmazonEKSVPCResourceController",
            "module.eks-cluster.aws_iam_role_policy_attachment.AmazonEKSWorkerNodePolicy",
            "module.eks-cluster.aws_iam_role_policy_attachment.AmazonEKS_CNI_Policy",
            "module.eks-cluster.aws_iam_role_policy_attachment.AmazonSSMManagedInstanceCore",
            "module.eks-cluster.aws_launch_template.template",
            "module.eks-cluster.aws_security_group.node-sg",
            "module.eks-cluster.aws_security_group.nodegroup-sg",
            "module.eks-cluster.aws_security_group.service-sg",
            "module.eks-cluster.aws_security_group_rule.IngressDefaultClusterToNodeSG",
            "module.eks-cluster.aws_security_group_rule.IngressInterNodeGroupSG",
            "module.eks-cluster.aws_security_group_rule.IngressNodeToDefaultClusterSG",
            "module.eks-cluster.aws_security_group_rule.cluster_inbound",
            "module.eks-cluster.aws_security_group_rule.http",
            "module.eks-cluster.aws_security_group_rule.ssh_ingress",
            "module.eks-cluster.data.tls_certificate.cluster",
            "module.eks-cluster.kubernetes_config_map_v1_data.aws-auth",
            "module.eks-cluster.random_integer.rand",
            "module.eks-pipeline.aws_codebuild_project.this",
            "module.eks-pipeline.aws_codedeploy_app.this",
            "module.eks-pipeline.aws_codedeploy_deployment_group.this",
            "module.eks-pipeline.aws_codepipeline.this",
            "module.eks-pipeline.aws_codepipeline.this_1",
            "module.eks-pipeline.aws_codepipeline.this_2",
            "module.eks-pipeline.aws_iam_role.build_role",
            "module.eks-pipeline.aws_iam_role.deploy_role",
            "module.eks-pipeline.aws_iam_role.pipeline_role",
            "module.eks-pipeline.aws_iam_role.public_build_role",
            "module.eks-pipeline.aws_iam_role_policy.backend_build_policy",
            "module.eks-pipeline.aws_iam_role_policy.build_policy",
            "module.eks-pipeline.aws_iam_role_policy.deploy_policy",
            "module.eks-pipeline.aws_iam_role_policy.pipeline_policy",
            "module.eks-pipeline.aws_iam_role_policy.public_build_policy",
            "module.eks-pipeline.aws_s3_bucket.this",
            "module.eks-pipeline.aws_s3_bucket_policy.this",
            "module.eks-pipeline.data.aws_caller_identity.this",
            "module.eks-pipeline.data.aws_region.this",
            "module.load-balancer.aws_lb.this",
            "module.load-balancer.aws_lb_listener.http",
            "module.load-balancer.aws_lb_listener.https",
            "module.load-balancer.aws_lb_listener_rule.http",
            "module.load-balancer.aws_lb_listener_rule.https",
            "module.load-balancer.aws_lb_target_group.this",
            "module.load-balancer.aws_lb_target_group_attachment.this",
            "module.load-balancer.data.aws_caller_identity.this",
            "module.load-balancer.data.aws_region.this",
            "module.security-group-ec2.aws_security_group.this",
            "module.security-group-ec2.aws_security_group_rule.egress",
            "module.security-group-ec2.aws_security_group_rule.egress-source-sg",
            "module.security-group-ec2.aws_security_group_rule.ingress",
            "module.security-group-ec2.aws_security_group_rule.source-sg-tcp",
            "module.security-group-ec2.aws_security_group_rule.source-sg-udp",
            "module.security-group-ec2.aws_security_group_rule.ssh_ingress",
            "module.security-group-ec2.aws_security_group_rule.udp",
            "module.security-group-ecs.aws_security_group.this",
            "module.security-group-ecs.aws_security_group_rule.egress",
            "module.security-group-ecs.aws_security_group_rule.egress-source-sg",
            "module.security-group-ecs.aws_security_group_rule.ingress",
            "module.security-group-ecs.aws_security_group_rule.source-sg-tcp",
            "module.security-group-ecs.aws_security_group_rule.source-sg-udp",
            "module.security-group-ecs.aws_security_group_rule.ssh_ingress",
            "module.security-group-ecs.aws_security_group_rule.udp",
            "module.security-group-lb.aws_security_group.this",
            "module.security-group-lb.aws_security_group_rule.egress",
            "module.security-group-lb.aws_security_group_rule.egress-source-sg",
            "module.security-group-lb.aws_security_group_rule.ingress",
            "module.security-group-lb.aws_security_group_rule.source-sg-tcp",
            "module.security-group-lb.aws_security_group_rule.source-sg-udp",
            "module.security-group-lb.aws_security_group_rule.ssh_ingress",
            "module.security-group-lb.aws_security_group_rule.udp",
            "time_sleep.ec2"
          ]
        }
      ]
    },
    {
      "mode": "managed",
      "type": "aws_route53_record",
      "name": "this",
      "provider": "provider[\"registry.terraform.io/hashicorp/aws\"]",
      "instances": [
        {
          "index_key": 0,
          "schema_version": 2,
          "attributes": {
            "alias": [],
            "allow_overwrite": null,
            "cidr_routing_policy": [],
            "failover_routing_policy": [],
            "fqdn": "node-1.gemjerin.site",
            "geolocation_routing_policy": [],
            "health_check_id": "",
            "id": "Z011029811P07VLYETPI7_node-1_CNAME",
            "latency_routing_policy": [],
            "multivalue_answer_routing_policy": false,
            "name": "node-1",
            "records": [
              "jerin-tf-2109952822.us-east-1.elb.amazonaws.com"
            ],
            "set_identifier": "",
            "ttl": 300,
            "type": "CNAME",
            "weighted_routing_policy": [],
            "zone_id": "Z011029811P07VLYETPI7"
          },
          "sensitive_attributes": [],
          "private": "eyJzY2hlbWFfdmVyc2lvbiI6IjIifQ==",
          "dependencies": [
            "data.aws_subnets.this",
            "module.ec2.aws_eip.this",
            "module.ec2.aws_iam_instance_profile.this",
            "module.ec2.aws_iam_role.ec2_role",
            "module.ec2.aws_iam_role_policy.ec2_policy",
            "module.ec2.aws_instance.this",
            "module.load-balancer.aws_lb.this",
            "module.load-balancer.aws_lb_listener.http",
            "module.load-balancer.aws_lb_listener.https",
            "module.load-balancer.aws_lb_listener_rule.http",
            "module.load-balancer.aws_lb_listener_rule.https",
            "module.load-balancer.aws_lb_target_group.this",
            "module.load-balancer.aws_lb_target_group_attachment.this",
            "module.load-balancer.data.aws_caller_identity.this",
            "module.load-balancer.data.aws_region.this",
            "module.security-group-ec2.aws_security_group.this",
            "module.security-group-ec2.aws_security_group_rule.egress",
            "module.security-group-ec2.aws_security_group_rule.egress-source-sg",
            "module.security-group-ec2.aws_security_group_rule.ingress",
            "module.security-group-ec2.aws_security_group_rule.source-sg-tcp",
            "module.security-group-ec2.aws_security_group_rule.source-sg-udp",
            "module.security-group-ec2.aws_security_group_rule.ssh_ingress",
            "module.security-group-ec2.aws_security_group_rule.udp",
            "module.security-group-lb.aws_security_group.this",
            "module.security-group-lb.aws_security_group_rule.egress",
            "module.security-group-lb.aws_security_group_rule.egress-source-sg",
            "module.security-group-lb.aws_security_group_rule.ingress",
            "module.security-group-lb.aws_security_group_rule.source-sg-tcp",
            "module.security-group-lb.aws_security_group_rule.source-sg-udp",
            "module.security-group-lb.aws_security_group_rule.ssh_ingress",
            "module.security-group-lb.aws_security_group_rule.udp"
          ]
        }
      ]
    },
    {
      "mode": "managed",
      "type": "aws_s3_bucket",
      "name": "this",
      "provider": "provider[\"registry.terraform.io/hashicorp/aws\"]",
      "instances": [
        {
          "index_key": 0,
          "schema_version": 0,
          "attributes": {
            "acceleration_status": "",
            "acl": null,
            "arn": "arn:aws:s3:::node-app-1-521503820723-pipeline",
            "bucket": "node-app-1-521503820723-pipeline",
            "bucket_domain_name": "node-app-1-521503820723-pipeline.s3.amazonaws.com",
            "bucket_prefix": "",
            "bucket_regional_domain_name": "node-app-1-521503820723-pipeline.s3.us-east-1.amazonaws.com",
            "cors_rule": [],
            "force_destroy": true,
            "grant": [
              {
                "id": "412684841d8cecfe8a3c9e17843294f71b7f95a191c553f4228361a4748e551a",
                "permissions": [
                  "FULL_CONTROL"
                ],
                "type": "CanonicalUser",
                "uri": ""
              }
            ],
            "hosted_zone_id": "Z3AQBSTGFYJSTF",
            "id": "node-app-1-521503820723-pipeline",
            "lifecycle_rule": [
              {
                "abort_incomplete_multipart_upload_days": 1,
                "enabled": true,
                "expiration": [
                  {
                    "date": "",
                    "days": 1,
                    "expired_object_delete_marker": false
                  }
                ],
                "id": "Delete Objects after 1 day",
                "noncurrent_version_expiration": [],
                "noncurrent_version_transition": [],
                "prefix": "",
                "tags": {},
                "transition": []
              }
            ],
            "logging": [],
            "object_lock_configuration": [],
            "object_lock_enabled": false,
            "policy": "{\"Statement\":[{\"Action\":\"s3:PutObject\",\"Condition\":{\"StringNotEquals\":{\"s3:x-amz-server-side-encryption\":\"aws:kms\"}},\"Effect\":\"Deny\",\"Principal\":\"*\",\"Resource\":[\"arn:aws:s3:::node-app-1-521503820723-pipeline\",\"arn:aws:s3:::node-app-1-521503820723-pipeline/*\"]},{\"Action\":\"s3:*\",\"Condition\":{\"Bool\":{\"aws:SecureTransport\":\"false\"}},\"Effect\":\"Deny\",\"Principal\":\"*\",\"Resource\":[\"arn:aws:s3:::node-app-1-521503820723-pipeline\",\"arn:aws:s3:::node-app-1-521503820723-pipeline/*\"]}],\"Version\":\"2012-10-17\"}",
            "region": "us-east-1",
            "replication_configuration": [],
            "request_payer": "BucketOwner",
            "server_side_encryption_configuration": [
              {
                "rule": [
                  {
                    "apply_server_side_encryption_by_default": [
                      {
                        "kms_master_key_id": "",
                        "sse_algorithm": "AES256"
                      }
                    ],
                    "bucket_key_enabled": false
                  }
                ]
              }
            ],
            "tags": {
              "Name": "node-app-1-521503820723-pipeline"
            },
            "tags_all": {
              "Name": "node-app-1-521503820723-pipeline"
            },
            "timeouts": null,
            "versioning": [
              {
                "enabled": false,
                "mfa_delete": false
              }
            ],
            "website": [],
            "website_domain": null,
            "website_endpoint": null
          },
          "sensitive_attributes": [],
          "private": "eyJlMmJmYjczMC1lY2FhLTExZTYtOGY4OC0zNDM2M2JjN2M0YzAiOnsiY3JlYXRlIjoxMjAwMDAwMDAwMDAwLCJkZWxldGUiOjM2MDAwMDAwMDAwMDAsInJlYWQiOjEyMDAwMDAwMDAwMDAsInVwZGF0ZSI6MTIwMDAwMDAwMDAwMH19",
          "dependencies": [
            "data.aws_caller_identity.this"
          ]
        }
      ]
    },
    {
      "mode": "managed",
      "type": "aws_s3_bucket_lifecycle_configuration",
      "name": "this",
      "provider": "provider[\"registry.terraform.io/hashicorp/aws\"]",
      "instances": [
        {
          "index_key": 0,
          "schema_version": 0,
          "attributes": {
            "bucket": "node-app-1-521503820723-pipeline",
            "expected_bucket_owner": "",
            "id": "node-app-1-521503820723-pipeline",
            "rule": [
              {
                "abort_incomplete_multipart_upload": [
                  {
                    "days_after_initiation": 1
                  }
                ],
                "expiration": [
                  {
                    "date": "",
                    "days": 1,
                    "expired_object_delete_marker": false
                  }
                ],
                "filter": [
                  {
                    "and": [],
                    "object_size_greater_than": "",
                    "object_size_less_than": "",
                    "prefix": "",
                    "tag": []
                  }
                ],
                "id": "Delete Objects after 1 day",
                "noncurrent_version_expiration": [],
                "noncurrent_version_transition": [],
                "prefix": "",
                "status": "Enabled",
                "transition": []
              }
            ]
          },
          "sensitive_attributes": [],
          "private": "bnVsbA==",
          "dependencies": [
            "aws_s3_bucket.this",
            "data.aws_caller_identity.this"
          ]
        }
      ]
    },
    {
      "mode": "managed",
      "type": "aws_s3_bucket_policy",
      "name": "this",
      "provider": "provider[\"registry.terraform.io/hashicorp/aws\"]",
      "instances": [
        {
          "index_key": 0,
          "schema_version": 0,
          "attributes": {
            "bucket": "node-app-1-521503820723-pipeline",
            "id": "node-app-1-521503820723-pipeline",
            "policy": "{\"Statement\":[{\"Action\":\"s3:PutObject\",\"Condition\":{\"StringNotEquals\":{\"s3:x-amz-server-side-encryption\":\"aws:kms\"}},\"Effect\":\"Deny\",\"Principal\":\"*\",\"Resource\":[\"arn:aws:s3:::node-app-1-521503820723-pipeline\",\"arn:aws:s3:::node-app-1-521503820723-pipeline/*\"]},{\"Action\":\"s3:*\",\"Condition\":{\"Bool\":{\"aws:SecureTransport\":\"false\"}},\"Effect\":\"Deny\",\"Principal\":\"*\",\"Resource\":[\"arn:aws:s3:::node-app-1-521503820723-pipeline\",\"arn:aws:s3:::node-app-1-521503820723-pipeline/*\"]}],\"Version\":\"2012-10-17\"}"
          },
          "sensitive_attributes": [],
          "private": "bnVsbA==",
          "dependencies": [
            "aws_s3_bucket.this",
            "data.aws_caller_identity.this"
          ]
        }
      ]
    },
    {
      "mode": "managed",
      "type": "aws_secretsmanager_secret",
      "name": "this",
      "provider": "provider[\"registry.terraform.io/hashicorp/aws\"]",
      "instances": [
        {
          "schema_version": 0,
          "attributes": {
            "arn": "arn:aws:secretsmanager:us-east-1:521503820723:secret:/jerin/docker/pwd-dSzAS6",
            "description": "",
            "force_overwrite_replica_secret": false,
            "id": "arn:aws:secretsmanager:us-east-1:521503820723:secret:/jerin/docker/pwd-dSzAS6",
            "kms_key_id": "",
            "name": "/jerin/docker/pwd",
            "name_prefix": "",
            "policy": "",
            "recovery_window_in_days": 0,
            "replica": [],
            "tags": {},
            "tags_all": {}
          },
          "sensitive_attributes": [],
          "private": "bnVsbA=="
        }
      ]
    },
    {
      "mode": "managed",
      "type": "aws_secretsmanager_secret_version",
      "name": "this",
      "provider": "provider[\"registry.terraform.io/hashicorp/aws\"]",
      "instances": [
        {
          "schema_version": 0,
          "attributes": {
            "arn": "arn:aws:secretsmanager:us-east-1:521503820723:secret:/jerin/docker/pwd-dSzAS6",
            "id": "arn:aws:secretsmanager:us-east-1:521503820723:secret:/jerin/docker/pwd-dSzAS6|6496A45E-34D3-42DF-9029-5D3A79B50C48",
            "secret_binary": "",
            "secret_id": "arn:aws:secretsmanager:us-east-1:521503820723:secret:/jerin/docker/pwd-dSzAS6",
            "secret_string": "{\"password\":\"jerigem@23\",\"username\":\"jerinrathnam\"}",
            "version_id": "6496A45E-34D3-42DF-9029-5D3A79B50C48",
            "version_stages": [
              "AWSCURRENT"
            ]
          },
          "sensitive_attributes": [],
          "private": "bnVsbA==",
          "dependencies": [
            "aws_secretsmanager_secret.this"
          ]
        }
      ]
    },
    {
      "mode": "managed",
      "type": "aws_sns_topic",
      "name": "this",
      "provider": "provider[\"registry.terraform.io/hashicorp/aws\"]",
      "instances": [
        {
          "index_key": 0,
          "schema_version": 0,
          "attributes": {
            "application_failure_feedback_role_arn": "",
            "application_success_feedback_role_arn": "",
            "application_success_feedback_sample_rate": 0,
            "arn": "arn:aws:sns:us-east-1:521503820723:Node-App-1-pipeline-notification",
            "content_based_deduplication": false,
            "delivery_policy": "",
            "display_name": "",
            "fifo_topic": false,
            "firehose_failure_feedback_role_arn": "",
            "firehose_success_feedback_role_arn": "",
            "firehose_success_feedback_sample_rate": 0,
            "http_failure_feedback_role_arn": "",
            "http_success_feedback_role_arn": "",
            "http_success_feedback_sample_rate": 0,
            "id": "arn:aws:sns:us-east-1:521503820723:Node-App-1-pipeline-notification",
            "kms_master_key_id": "",
            "lambda_failure_feedback_role_arn": "",
            "lambda_success_feedback_role_arn": "",
            "lambda_success_feedback_sample_rate": 0,
            "name": "Node-App-1-pipeline-notification",
            "name_prefix": "",
            "owner": "521503820723",
            "policy": "{\"Id\":\"__default_policy_ID\",\"Statement\":[{\"Action\":[\"SNS:Subscribe\",\"SNS:SetTopicAttributes\",\"SNS:RemovePermission\",\"SNS:Receive\",\"SNS:Publish\",\"SNS:ListSubscriptionsByTopic\",\"SNS:GetTopicAttributes\",\"SNS:DeleteTopic\",\"SNS:AddPermission\"],\"Condition\":{\"StringEquals\":{\"AWS:SourceOwner\":\"521503820723\"}},\"Effect\":\"Allow\",\"Principal\":{\"AWS\":\"*\"},\"Resource\":\"arn:aws:sns:us-east-1:521503820723:Node-App-1-pipeline-notification\",\"Sid\":\"__default_statement_ID\"},{\"Action\":\"SNS:Publish\",\"Effect\":\"Allow\",\"Principal\":{\"Service\":\"codestar-notifications.amazonaws.com\"},\"Resource\":\"arn:aws:sns:us-east-1:521503820723:Node-App-1-pipeline-notification\",\"Sid\":\"AWSCodeStarNotifications_publish\"}],\"Version\":\"2012-10-17\"}",
            "signature_version": 0,
            "sqs_failure_feedback_role_arn": "",
            "sqs_success_feedback_role_arn": "",
            "sqs_success_feedback_sample_rate": 0,
            "tags": {},
            "tags_all": {},
            "tracing_config": ""
          },
          "sensitive_attributes": [],
          "private": "bnVsbA=="
        }
      ]
    },
    {
      "mode": "managed",
      "type": "aws_sns_topic_policy",
      "name": "this",
      "provider": "provider[\"registry.terraform.io/hashicorp/aws\"]",
      "instances": [
        {
          "index_key": 0,
          "schema_version": 0,
          "attributes": {
            "arn": "arn:aws:sns:us-east-1:521503820723:Node-App-1-pipeline-notification",
            "id": "arn:aws:sns:us-east-1:521503820723:Node-App-1-pipeline-notification",
            "owner": "521503820723",
            "policy": "{\"Id\":\"__default_policy_ID\",\"Statement\":[{\"Action\":[\"SNS:Subscribe\",\"SNS:SetTopicAttributes\",\"SNS:RemovePermission\",\"SNS:Receive\",\"SNS:Publish\",\"SNS:ListSubscriptionsByTopic\",\"SNS:GetTopicAttributes\",\"SNS:DeleteTopic\",\"SNS:AddPermission\"],\"Condition\":{\"StringEquals\":{\"AWS:SourceOwner\":\"521503820723\"}},\"Effect\":\"Allow\",\"Principal\":{\"AWS\":\"*\"},\"Resource\":\"arn:aws:sns:us-east-1:521503820723:Node-App-1-pipeline-notification\",\"Sid\":\"__default_statement_ID\"},{\"Action\":\"SNS:Publish\",\"Effect\":\"Allow\",\"Principal\":{\"Service\":\"codestar-notifications.amazonaws.com\"},\"Resource\":\"arn:aws:sns:us-east-1:521503820723:Node-App-1-pipeline-notification\",\"Sid\":\"AWSCodeStarNotifications_publish\"}],\"Version\":\"2012-10-17\"}"
          },
          "sensitive_attributes": [],
          "private": "bnVsbA==",
          "dependencies": [
            "aws_sns_topic.this",
            "data.aws_caller_identity.this",
            "data.aws_iam_policy_document.this"
          ]
        }
      ]
    },
    {
      "mode": "managed",
      "type": "aws_sns_topic_subscription",
      "name": "this",
      "provider": "provider[\"registry.terraform.io/hashicorp/aws\"]",
      "instances": [
        {
          "index_key": 0,
          "schema_version": 0,
          "attributes": {
            "arn": "arn:aws:sns:us-east-1:521503820723:Node-App-1-pipeline-notification:dcbbb517-e910-4f9e-957f-07a6f9b466df",
            "confirmation_timeout_in_minutes": 1,
            "confirmation_was_authenticated": false,
            "delivery_policy": "",
            "endpoint": "jerinrathnam.gem@gmail.com",
            "endpoint_auto_confirms": false,
            "filter_policy": "",
            "filter_policy_scope": "",
            "id": "arn:aws:sns:us-east-1:521503820723:Node-App-1-pipeline-notification:dcbbb517-e910-4f9e-957f-07a6f9b466df",
            "owner_id": "521503820723",
            "pending_confirmation": false,
            "protocol": "email",
            "raw_message_delivery": false,
            "redrive_policy": "",
            "subscription_role_arn": "",
            "topic_arn": "arn:aws:sns:us-east-1:521503820723:Node-App-1-pipeline-notification"
          },
          "sensitive_attributes": [],
          "private": "bnVsbA==",
          "dependencies": [
            "aws_sns_topic.this"
          ]
        }
      ]
    },
    {
      "module": "module.ecs-pipeline[0]",
      "mode": "data",
      "type": "aws_caller_identity",
      "name": "this",
      "provider": "provider[\"registry.terraform.io/hashicorp/aws\"]",
      "instances": [
        {
          "schema_version": 0,
          "attributes": {
            "account_id": "521503820723",
            "arn": "arn:aws:iam::521503820723:user/gem",
            "id": "521503820723",
            "user_id": "AIDAXS3AMZOZQJD3N3B7D"
          },
          "sensitive_attributes": []
        }
      ]
    },
    {
      "module": "module.ecs-pipeline[0]",
      "mode": "data",
      "type": "aws_region",
      "name": "this",
      "provider": "provider[\"registry.terraform.io/hashicorp/aws\"]",
      "instances": [
        {
          "schema_version": 0,
          "attributes": {
            "description": "US East (N. Virginia)",
            "endpoint": "ec2.us-east-1.amazonaws.com",
            "id": "us-east-1",
            "name": "us-east-1"
          },
          "sensitive_attributes": []
        }
      ]
    },
    {
      "module": "module.ecs-pipeline[0]",
      "mode": "managed",
      "type": "aws_codebuild_project",
      "name": "this",
      "provider": "provider[\"registry.terraform.io/hashicorp/aws\"]",
      "instances": [
        {
          "index_key": 0,
          "schema_version": 0,
          "attributes": {
            "arn": "arn:aws:codebuild:us-east-1:521503820723:project/Node-App-1",
            "artifacts": [
              {
                "artifact_identifier": "",
                "bucket_owner_access": "",
                "encryption_disabled": false,
                "location": "",
                "name": "Node-App-1",
                "namespace_type": "",
                "override_artifact_name": false,
                "packaging": "NONE",
                "path": "",
                "type": "CODEPIPELINE"
              }
            ],
            "badge_enabled": false,
            "badge_url": "",
            "build_batch_config": [],
            "build_timeout": 60,
            "cache": [
              {
                "location": "",
                "modes": [],
                "type": "NO_CACHE"
              }
            ],
            "concurrent_build_limit": 0,
            "description": "Codebuild for the ECS app",
            "encryption_key": "arn:aws:kms:us-east-1:521503820723:alias/aws/s3",
            "environment": [
              {
                "certificate": "",
                "compute_type": "BUILD_GENERAL1_SMALL",
                "environment_variable": [
                  {
                    "name": "ECSNAME",
                    "type": "PLAINTEXT",
                    "value": "Node-App-1"
                  },
                  {
                    "name": "REPOSITORY_URI",
                    "type": "PLAINTEXT",
                    "value": "521503820723.dkr.ecr.us-east-1.amazonaws.com/node-app-1"
                  },
                  {
                    "name": "SECRET_PASSWORD",
                    "type": "PLAINTEXT",
                    "value": "arn:aws:secretsmanager:us-east-1:521503820723:secret:/jerin/docker/pwd-dSzAS6:password"
                  },
                  {
                    "name": "SECRET_USERNAME",
                    "type": "PLAINTEXT",
                    "value": "arn:aws:secretsmanager:us-east-1:521503820723:secret:/jerin/docker/pwd-dSzAS6:username"
                  }
                ],
                "image": "aws/codebuild/amazonlinux2-x86_64-standard:4.0",
                "image_pull_credentials_type": "CODEBUILD",
                "privileged_mode": true,
                "registry_credential": [],
                "type": "LINUX_CONTAINER"
              }
            ],
            "file_system_locations": [],
            "id": "arn:aws:codebuild:us-east-1:521503820723:project/Node-App-1",
            "logs_config": [
              {
                "cloudwatch_logs": [
                  {
                    "group_name": "",
                    "status": "ENABLED",
                    "stream_name": ""
                  }
                ],
                "s3_logs": [
                  {
                    "bucket_owner_access": "",
                    "encryption_disabled": false,
                    "location": "",
                    "status": "DISABLED"
                  }
                ]
              }
            ],
            "name": "Node-App-1",
            "project_visibility": "PUBLIC_READ",
            "public_project_alias": "eyJlbmNyeXB0ZWREYXRhIjoiNEtPRVd0bnQ1c2VQWjY0SkUvenlhMUhadGVCVXNFZXA1QnNCSFo4d2RENGdKWVE2dkhxUVY0QitDUVplL0hxVzlTcitjR3JxZVpIeFN3RkZ5blNBV3pOM1dFUTZoVXAvaENucSIsIml2UGFyYW1ldGVyU3BlYyI6InhUVkZZa3A1Mm55MVVKYUQiLCJtYXRlcmlhbFNldFNlcmlhbCI6MX0%3D",
            "queued_timeout": 480,
            "resource_access_role": "arn:aws:iam::521503820723:role/Node-App-1-public-build-logs-role",
            "secondary_artifacts": [],
            "secondary_source_version": [],
            "secondary_sources": [],
            "service_role": "arn:aws:iam::521503820723:role/Node-App-1-build-role",
            "source": [
              {
                "build_status_config": [],
                "buildspec": "version: 0.2\r\nenv:\r\n  secrets-manager:\r\n    USERNAME: $SECRET_USERNAME\r\n    PASSWORD: $SECRET_PASSWORD\r\n\r\nphases:\r\n  pre_build:\r\n    commands:\r\n      - echo Logging in to Amazon ECR...\r\n      - aws --version\r\n      - $(aws ecr get-login --region $AWS_DEFAULT_REGION --no-include-email)\r\n      - echo logging in to Docker Registry\r\n      - docker login -u ${USERNAME} -p ${PASSWORD}\r\n      - COMMIT_HASH=$(echo $CODEBUILD_RESOLVED_SOURCE_VERSION | cut -c 1-7)\r\n      - IMAGE_TAG=${COMMIT_HASH:=latest}\r\n\r\n  build:\r\n    commands:\r\n      - echo Build started on `date`\r\n      - echo Building the Docker image...\r\n      - docker build -t $REPOSITORY_URI:latest .\r\n      - docker tag $REPOSITORY_URI:latest $REPOSITORY_URI:$IMAGE_TAG\r\n\r\n  post_build:\r\n    commands:\r\n      - echo Build completed on `date`\r\n      - echo Pushing the Docker images...\r\n      - docker push $REPOSITORY_URI:latest\r\n      - docker push $REPOSITORY_URI:$IMAGE_TAG\r\n      - echo Writing image definitions file...\r\n      - printf '[{\"name\":\"%s\",\"imageUri\":\"%s\"}]' \"$ECSNAME\" \"$REPOSITORY_URI:$IMAGE_TAG\" \u003e imagedefinitions.json\r\n      \r\nartifacts:\r\n    files: imagedefinitions.json",
                "git_clone_depth": 0,
                "git_submodules_config": [],
                "insecure_ssl": false,
                "location": "",
                "report_build_status": false,
                "type": "CODEPIPELINE"
              }
            ],
            "source_version": "",
            "tags": {
              "Name": "Node-App-1"
            },
            "tags_all": {
              "Name": "Node-App-1"
            },
            "vpc_config": []
          },
          "sensitive_attributes": [],
          "private": "bnVsbA==",
          "dependencies": [
            "aws_secretsmanager_secret.this",
            "data.aws_subnets.this",
            "module.ec2.aws_eip.this",
            "module.ec2.aws_iam_instance_profile.this",
            "module.ec2.aws_iam_role.ec2_role",
            "module.ec2.aws_iam_role_policy.ec2_policy",
            "module.ec2.aws_instance.this",
            "module.ecs-pipeline.aws_iam_role.build_role",
            "module.ecs-pipeline.aws_iam_role.public_build_role",
            "module.ecs.aws_appautoscaling_policy.this",
            "module.ecs.aws_appautoscaling_target.this",
            "module.ecs.aws_cloudwatch_log_group.this",
            "module.ecs.aws_ecr_lifecycle_policy.this",
            "module.ecs.aws_ecr_repository.this",
            "module.ecs.aws_ecs_cluster.this",
            "module.ecs.aws_ecs_service.ignore_changes",
            "module.ecs.aws_ecs_service.this",
            "module.ecs.aws_ecs_task_definition.ignore_changes",
            "module.ecs.aws_ecs_task_definition.this",
            "module.ecs.aws_iam_role.this",
            "module.ecs.aws_iam_role_policy.this",
            "module.ecs.data.aws_caller_identity.this",
            "module.ecs.data.aws_region.this",
            "module.load-balancer.aws_lb.this",
            "module.load-balancer.aws_lb_listener.http",
            "module.load-balancer.aws_lb_listener.https",
            "module.load-balancer.aws_lb_listener_rule.http",
            "module.load-balancer.aws_lb_listener_rule.https",
            "module.load-balancer.aws_lb_target_group.this",
            "module.load-balancer.aws_lb_target_group_attachment.this",
            "module.load-balancer.data.aws_caller_identity.this",
            "module.load-balancer.data.aws_region.this",
            "module.security-group-ec2.aws_security_group.this",
            "module.security-group-ec2.aws_security_group_rule.egress",
            "module.security-group-ec2.aws_security_group_rule.egress-source-sg",
            "module.security-group-ec2.aws_security_group_rule.ingress",
            "module.security-group-ec2.aws_security_group_rule.source-sg-tcp",
            "module.security-group-ec2.aws_security_group_rule.source-sg-udp",
            "module.security-group-ec2.aws_security_group_rule.ssh_ingress",
            "module.security-group-ec2.aws_security_group_rule.udp",
            "module.security-group-ecs.aws_security_group.this",
            "module.security-group-ecs.aws_security_group_rule.egress",
            "module.security-group-ecs.aws_security_group_rule.egress-source-sg",
            "module.security-group-ecs.aws_security_group_rule.ingress",
            "module.security-group-ecs.aws_security_group_rule.source-sg-tcp",
            "module.security-group-ecs.aws_security_group_rule.source-sg-udp",
            "module.security-group-ecs.aws_security_group_rule.ssh_ingress",
            "module.security-group-ecs.aws_security_group_rule.udp",
            "module.security-group-lb.aws_security_group.this",
            "module.security-group-lb.aws_security_group_rule.egress",
            "module.security-group-lb.aws_security_group_rule.egress-source-sg",
            "module.security-group-lb.aws_security_group_rule.ingress",
            "module.security-group-lb.aws_security_group_rule.source-sg-tcp",
            "module.security-group-lb.aws_security_group_rule.source-sg-udp",
            "module.security-group-lb.aws_security_group_rule.ssh_ingress",
            "module.security-group-lb.aws_security_group_rule.udp"
          ]
        }
      ]
    },
    {
      "module": "module.ecs-pipeline[0]",
      "mode": "managed",
      "type": "aws_codepipeline",
      "name": "this_2",
      "provider": "provider[\"registry.terraform.io/hashicorp/aws\"]",
      "instances": [
        {
          "index_key": 0,
          "schema_version": 0,
          "attributes": {
            "arn": "arn:aws:codepipeline:us-east-1:521503820723:Node-App-1",
            "artifact_store": [
              {
                "encryption_key": [],
                "location": "node-app-1-521503820723-pipeline",
                "region": "",
                "type": "S3"
              }
            ],
            "id": "Node-App-1",
            "name": "Node-App-1",
            "role_arn": "arn:aws:iam::521503820723:role/Node-App-1-pipeline-role",
            "stage": [
              {
                "action": [
                  {
                    "category": "Source",
                    "configuration": {
                      "Branch": "main",
                      "OAuthToken": "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",
                      "Owner": "jerinrathnam",
                      "Repo": "nodejs-app"
                    },
                    "input_artifacts": [],
                    "name": "Source",
                    "namespace": "",
                    "output_artifacts": [
                      "source_output"
                    ],
                    "owner": "ThirdParty",
                    "provider": "GitHub",
                    "region": "",
                    "role_arn": "",
                    "run_order": 1,
                    "version": "1"
                  }
                ],
                "name": "Source"
              },
              {
                "action": [
                  {
                    "category": "Build",
                    "configuration": {
                      "ProjectName": "Node-App-1"
                    },
                    "input_artifacts": [
                      "source_output"
                    ],
                    "name": "Build",
                    "namespace": "",
                    "output_artifacts": [
                      "build_output"
                    ],
                    "owner": "AWS",
                    "provider": "CodeBuild",
                    "region": "",
                    "role_arn": "",
                    "run_order": 1,
                    "version": "1"
                  }
                ],
                "name": "Build"
              },
              {
                "action": [
                  {
                    "category": "Deploy",
                    "configuration": {
                      "ClusterName": "jerin-cluster",
                      "FileName": "imagedefinitions.json",
                      "ServiceName": "Node-App-1"
                    },
                    "input_artifacts": [
                      "build_output"
                    ],
                    "name": "Deploy",
                    "namespace": "",
                    "output_artifacts": [],
                    "owner": "AWS",
                    "provider": "ECS",
                    "region": "",
                    "role_arn": "",
                    "run_order": 1,
                    "version": "1"
                  }
                ],
                "name": "Deploy"
              }
            ],
            "tags": {
              "Name": "Node-App-1"
            },
            "tags_all": {
              "Name": "Node-App-1"
            }
          },
          "sensitive_attributes": [],
          "private": "bnVsbA==",
          "dependencies": [
            "aws_codestarconnections_connection.this",
            "aws_s3_bucket.this",
            "aws_secretsmanager_secret.this",
            "data.aws_caller_identity.this",
            "data.aws_subnets.this",
            "module.ec2.aws_eip.this",
            "module.ec2.aws_iam_instance_profile.this",
            "module.ec2.aws_iam_role.ec2_role",
            "module.ec2.aws_iam_role_policy.ec2_policy",
            "module.ec2.aws_instance.this",
            "module.ecs-pipeline.aws_codebuild_project.this",
            "module.ecs-pipeline.aws_iam_role.build_role",
            "module.ecs-pipeline.aws_iam_role.pipeline_role",
            "module.ecs-pipeline.aws_iam_role.public_build_role",
            "module.ecs-pipeline.aws_s3_bucket.this",
            "module.ecs-pipeline.data.aws_caller_identity.this",
            "module.ecs.aws_appautoscaling_policy.this",
            "module.ecs.aws_appautoscaling_target.this",
            "module.ecs.aws_cloudwatch_log_group.this",
            "module.ecs.aws_ecr_lifecycle_policy.this",
            "module.ecs.aws_ecr_repository.this",
            "module.ecs.aws_ecs_cluster.this",
            "module.ecs.aws_ecs_service.ignore_changes",
            "module.ecs.aws_ecs_service.this",
            "module.ecs.aws_ecs_task_definition.ignore_changes",
            "module.ecs.aws_ecs_task_definition.this",
            "module.ecs.aws_iam_role.this",
            "module.ecs.aws_iam_role_policy.this",
            "module.ecs.data.aws_caller_identity.this",
            "module.ecs.data.aws_region.this",
            "module.load-balancer.aws_lb.this",
            "module.load-balancer.aws_lb_listener.http",
            "module.load-balancer.aws_lb_listener.https",
            "module.load-balancer.aws_lb_listener_rule.http",
            "module.load-balancer.aws_lb_listener_rule.https",
            "module.load-balancer.aws_lb_target_group.this",
            "module.load-balancer.aws_lb_target_group_attachment.this",
            "module.load-balancer.data.aws_caller_identity.this",
            "module.load-balancer.data.aws_region.this",
            "module.security-group-ec2.aws_security_group.this",
            "module.security-group-ec2.aws_security_group_rule.egress",
            "module.security-group-ec2.aws_security_group_rule.egress-source-sg",
            "module.security-group-ec2.aws_security_group_rule.ingress",
            "module.security-group-ec2.aws_security_group_rule.source-sg-tcp",
            "module.security-group-ec2.aws_security_group_rule.source-sg-udp",
            "module.security-group-ec2.aws_security_group_rule.ssh_ingress",
            "module.security-group-ec2.aws_security_group_rule.udp",
            "module.security-group-ecs.aws_security_group.this",
            "module.security-group-ecs.aws_security_group_rule.egress",
            "module.security-group-ecs.aws_security_group_rule.egress-source-sg",
            "module.security-group-ecs.aws_security_group_rule.ingress",
            "module.security-group-ecs.aws_security_group_rule.source-sg-tcp",
            "module.security-group-ecs.aws_security_group_rule.source-sg-udp",
            "module.security-group-ecs.aws_security_group_rule.ssh_ingress",
            "module.security-group-ecs.aws_security_group_rule.udp",
            "module.security-group-lb.aws_security_group.this",
            "module.security-group-lb.aws_security_group_rule.egress",
            "module.security-group-lb.aws_security_group_rule.egress-source-sg",
            "module.security-group-lb.aws_security_group_rule.ingress",
            "module.security-group-lb.aws_security_group_rule.source-sg-tcp",
            "module.security-group-lb.aws_security_group_rule.source-sg-udp",
            "module.security-group-lb.aws_security_group_rule.ssh_ingress",
            "module.security-group-lb.aws_security_group_rule.udp"
          ]
        }
      ]
    },
    {
      "module": "module.ecs-pipeline[0]",
      "mode": "managed",
      "type": "aws_iam_role",
      "name": "build_role",
      "provider": "provider[\"registry.terraform.io/hashicorp/aws\"]",
      "instances": [
        {
          "index_key": 0,
          "schema_version": 0,
          "attributes": {
            "arn": "arn:aws:iam::521503820723:role/Node-App-1-build-role",
            "assume_role_policy": "{\"Statement\":[{\"Action\":\"sts:AssumeRole\",\"Effect\":\"Allow\",\"Principal\":{\"Service\":[\"codebuild.amazonaws.com\"]}}],\"Version\":\"2012-10-17\"}",
            "create_date": "2023-12-14T06:36:59Z",
            "description": "",
            "force_detach_policies": false,
            "id": "Node-App-1-build-role",
            "inline_policy": [
              {
                "name": "Node-App-1-backend-build-policy",
                "policy": "{\"Version\":\"2012-10-17\",\"Statement\":[{\"Action\":[\"ec2:CreateNetworkInterface\",\"ec2:DescribeDhcpOptions\",\"ec2:DescribeNetworkInterfaces\",\"ec2:DeleteNetworkInterface\",\"ec2:DescribeSubnets\",\"ec2:DescribeSecurityGroups\",\"ec2:DescribeVpcs\",\"logs:CreateLogGroup\",\"logs:CreateLogStream\",\"logs:PutLogEvents\",\"eks:Describe*\"],\"Effect\":\"Allow\",\"Resource\":\"*\"},{\"Action\":[\"ec2:CreateNetworkInterfacePermission\"],\"Condition\":{\"StringEquals\":{\"ec2:AuthorizedService\":\"codebuild.amazonaws.com\",\"ec2:Subnet\":\"*\"}},\"Effect\":\"Allow\",\"Resource\":\"*\"},{\"Action\":[\"ecr:GetDownloadUrlForLayer\",\"ecr:BatchGetImage\",\"ecr:BatchCheckLayerAvailability\",\"ecr:PutImage\",\"ecr:InitiateLayerUpload\",\"ecr:UploadLayerPart\",\"ecr:CompleteLayerUpload\"],\"Effect\":\"Allow\",\"Resource\":\"*\"},{\"Action\":[\"codebuild:CreateReportGroup\",\"codebuild:CreateReport\",\"codebuild:UpdateReport\",\"codebuild:BatchPutTestCases\",\"codebuild:BatchPutCodeCoverages\"],\"Effect\":\"Allow\",\"Resource\":[\"arn:aws:codebuild:us-east-1:521503820723:project/Node-App-1\"]},{\"Action\":[\"s3:PutObject\",\"s3:GetObject\",\"s3:GetObjectVersion\"],\"Effect\":\"Allow\",\"Resource\":[\"arn:aws:s3:::node-app-1-521503820723-pipeline\",\"arn:aws:s3:::node-app-1-521503820723-pipeline/*\"]},{\"Action\":[\"ecr:GetAuthorizationToken\"],\"Effect\":\"Allow\",\"Resource\":\"*\"},{\"Action\":[\"sts:AssumeRole\"],\"Effect\":\"Allow\",\"Resource\":\"arn:aws:iam::521503820723:role/*\"}]}"
              },
              {
                "name": "Node-App-1-build-policy",
                "policy": "{\"Version\":\"2012-10-17\",\"Statement\":[{\"Action\":[\"ec2:CreateNetworkInterface\",\"ec2:DescribeDhcpOptions\",\"ec2:DescribeNetworkInterfaces\",\"ec2:DeleteNetworkInterface\",\"ec2:DescribeSubnets\",\"ec2:DescribeSecurityGroups\",\"ec2:DescribeVpcs\",\"logs:*\"],\"Effect\":\"Allow\",\"Resource\":\"*\"},{\"Action\":[\"ec2:CreateNetworkInterfacePermission\"],\"Condition\":{\"StringEquals\":{\"ec2:AuthorizedService\":\"codebuild.amazonaws.com\",\"ec2:Subnet\":[\"*\"]}},\"Effect\":\"Allow\",\"Resource\":[\"arn:aws:ec2:us-east-1:521503820723:network-interface/*\"]},{\"Action\":[\"ecr:*\",\"s3:*\",\"codebuild:CreateReportGroup\",\"codebuild:CreateReport\",\"codebuild:UpdateReport\",\"codebuild:BatchPutTestCases\"],\"Effect\":\"Allow\",\"Resource\":[\"*\"]},{\"Action\":[\"secretsmanager:GetSecretValue\"],\"Effect\":\"Allow\",\"Resource\":\"arn:aws:secretsmanager:us-east-1:521503820723:secret:/jerin/docker/pwd-dSzAS6\"}]}"
              }
            ],
            "managed_policy_arns": [
              "arn:aws:iam::521503820723:policy/service-role/CodeBuildBasePolicy-Node-App-1-us-east-1"
            ],
            "max_session_duration": 3600,
            "name": "Node-App-1-build-role",
            "name_prefix": "",
            "path": "/",
            "permissions_boundary": "",
            "tags": {
              "Name": "Node-App-1-build-role"
            },
            "tags_all": {
              "Name": "Node-App-1-build-role"
            },
            "unique_id": "AROAXS3AMZOZ4QJDZUE3E"
          },
          "sensitive_attributes": [],
          "private": "bnVsbA==",
          "dependencies": [
            "data.aws_subnets.this",
            "module.ec2.aws_eip.this",
            "module.ec2.aws_iam_instance_profile.this",
            "module.ec2.aws_iam_role.ec2_role",
            "module.ec2.aws_iam_role_policy.ec2_policy",
            "module.ec2.aws_instance.this",
            "module.ecs.aws_appautoscaling_policy.this",
            "module.ecs.aws_appautoscaling_target.this",
            "module.ecs.aws_cloudwatch_log_group.this",
            "module.ecs.aws_ecr_lifecycle_policy.this",
            "module.ecs.aws_ecr_repository.this",
            "module.ecs.aws_ecs_cluster.this",
            "module.ecs.aws_ecs_service.ignore_changes",
            "module.ecs.aws_ecs_service.this",
            "module.ecs.aws_ecs_task_definition.ignore_changes",
            "module.ecs.aws_ecs_task_definition.this",
            "module.ecs.aws_iam_role.this",
            "module.ecs.aws_iam_role_policy.this",
            "module.ecs.data.aws_caller_identity.this",
            "module.ecs.data.aws_region.this",
            "module.load-balancer.aws_lb.this",
            "module.load-balancer.aws_lb_listener.http",
            "module.load-balancer.aws_lb_listener.https",
            "module.load-balancer.aws_lb_listener_rule.http",
            "module.load-balancer.aws_lb_listener_rule.https",
            "module.load-balancer.aws_lb_target_group.this",
            "module.load-balancer.aws_lb_target_group_attachment.this",
            "module.load-balancer.data.aws_caller_identity.this",
            "module.load-balancer.data.aws_region.this",
            "module.security-group-ec2.aws_security_group.this",
            "module.security-group-ec2.aws_security_group_rule.egress",
            "module.security-group-ec2.aws_security_group_rule.egress-source-sg",
            "module.security-group-ec2.aws_security_group_rule.ingress",
            "module.security-group-ec2.aws_security_group_rule.source-sg-tcp",
            "module.security-group-ec2.aws_security_group_rule.source-sg-udp",
            "module.security-group-ec2.aws_security_group_rule.ssh_ingress",
            "module.security-group-ec2.aws_security_group_rule.udp",
            "module.security-group-ecs.aws_security_group.this",
            "module.security-group-ecs.aws_security_group_rule.egress",
            "module.security-group-ecs.aws_security_group_rule.egress-source-sg",
            "module.security-group-ecs.aws_security_group_rule.ingress",
            "module.security-group-ecs.aws_security_group_rule.source-sg-tcp",
            "module.security-group-ecs.aws_security_group_rule.source-sg-udp",
            "module.security-group-ecs.aws_security_group_rule.ssh_ingress",
            "module.security-group-ecs.aws_security_group_rule.udp",
            "module.security-group-lb.aws_security_group.this",
            "module.security-group-lb.aws_security_group_rule.egress",
            "module.security-group-lb.aws_security_group_rule.egress-source-sg",
            "module.security-group-lb.aws_security_group_rule.ingress",
            "module.security-group-lb.aws_security_group_rule.source-sg-tcp",
            "module.security-group-lb.aws_security_group_rule.source-sg-udp",
            "module.security-group-lb.aws_security_group_rule.ssh_ingress",
            "module.security-group-lb.aws_security_group_rule.udp"
          ]
        }
      ]
    },
    {
      "module": "module.ecs-pipeline[0]",
      "mode": "managed",
      "type": "aws_iam_role",
      "name": "pipeline_role",
      "provider": "provider[\"registry.terraform.io/hashicorp/aws\"]",
      "instances": [
        {
          "schema_version": 0,
          "attributes": {
            "arn": "arn:aws:iam::521503820723:role/Node-App-1-pipeline-role",
            "assume_role_policy": "{\"Statement\":[{\"Action\":\"sts:AssumeRole\",\"Effect\":\"Allow\",\"Principal\":{\"Service\":\"codepipeline.amazonaws.com\"}}],\"Version\":\"2012-10-17\"}",
            "create_date": "2023-12-14T06:36:59Z",
            "description": "",
            "force_detach_policies": false,
            "id": "Node-App-1-pipeline-role",
            "inline_policy": [
              {
                "name": "Node-App-1-pipeline-policy",
                "policy": "{\"Version\":\"2012-10-17\",\"Statement\":[{\"Action\":[\"iam:PassRole\"],\"Condition\":{\"StringEqualsIfExists\":{\"iam:PassedToService\":[\"cloudformation.amazonaws.com\",\"elasticbeanstalk.amazonaws.com\",\"ec2.amazonaws.com\",\"ecs-tasks.amazonaws.com\"]}},\"Effect\":\"Allow\",\"Resource\":[\"*\"]},{\"Action\":[\"codecommit:CancelUploadArchive\",\"codecommit:GetBranch\",\"codecommit:GetCommit\",\"codecommit:GetRepository\",\"codecommit:GetUploadArchiveStatus\",\"codecommit:UploadArchive\",\"codedeploy:CreateDeployment\",\"codedeploy:GetApplication\",\"codedeploy:GetApplicationRevision\",\"codedeploy:GetDeployment\",\"codedeploy:GetDeploymentConfig\",\"codedeploy:RegisterApplicationRevision\",\"codestar-connections:UseConnection\",\"lambda:InvokeFunction\",\"lambda:ListFunctions\",\"opsworks:CreateDeployment\",\"opsworks:DescribeApps\",\"opsworks:DescribeCommands\",\"opsworks:DescribeDeployments\",\"opsworks:DescribeInstances\",\"opsworks:DescribeStacks\",\"opsworks:UpdateApp\",\"opsworks:UpdateStack\",\"cloudformation:CreateStack\",\"cloudformation:DeleteStack\",\"cloudformation:DescribeStacks\",\"cloudformation:UpdateStack\",\"cloudformation:CreateChangeSet\",\"cloudformation:DeleteChangeSet\",\"cloudformation:DescribeChangeSet\",\"cloudformation:ExecuteChangeSet\",\"cloudformation:SetStackPolicy\",\"cloudformation:ValidateTemplate\",\"codebuild:BatchGetBuilds\",\"codebuild:StartBuild\",\"codebuild:BatchGetBuildBatches\",\"codebuild:StartBuildBatch\",\"devicefarm:ListProjects\",\"devicefarm:ListDevicePools\",\"devicefarm:GetRun\",\"devicefarm:GetUpload\",\"devicefarm:CreateUpload\",\"devicefarm:ScheduleRun\",\"servicecatalog:ListProvisioningArtifacts\",\"servicecatalog:CreateProvisioningArtifact\",\"servicecatalog:DescribeProvisioningArtifact\",\"servicecatalog:DeleteProvisioningArtifact\",\"servicecatalog:UpdateProduct\",\"ecr:DescribeImages\",\"states:DescribeExecution\",\"states:DescribeStateMachine\",\"states:StartExecution\",\"appconfig:StartDeployment\",\"appconfig:StopDeployment\",\"appconfig:GetDeployment\"],\"Effect\":\"Allow\",\"Resource\":\"*\"},{\"Action\":[\"elasticbeanstalk:*\",\"ec2:*\",\"elasticloadbalancing:*\",\"autoscaling:*\",\"cloudwatch:*\",\"s3:*\",\"sns:*\",\"cloudformation:*\",\"rds:*\",\"sqs:*\",\"ecs:*\"],\"Effect\":\"Allow\",\"Resource\":\"*\"}]}"
              }
            ],
            "managed_policy_arns": [],
            "max_session_duration": 3600,
            "name": "Node-App-1-pipeline-role",
            "name_prefix": "",
            "path": "/",
            "permissions_boundary": "",
            "tags": {
              "Name": "Node-App-1-pipeline-role"
            },
            "tags_all": {
              "Name": "Node-App-1-pipeline-role"
            },
            "unique_id": "AROAXS3AMZOZWNH7PBIV6"
          },
          "sensitive_attributes": [],
          "private": "bnVsbA==",
          "dependencies": [
            "data.aws_subnets.this",
            "module.ec2.aws_eip.this",
            "module.ec2.aws_iam_instance_profile.this",
            "module.ec2.aws_iam_role.ec2_role",
            "module.ec2.aws_iam_role_policy.ec2_policy",
            "module.ec2.aws_instance.this",
            "module.ecs.aws_appautoscaling_policy.this",
            "module.ecs.aws_appautoscaling_target.this",
            "module.ecs.aws_cloudwatch_log_group.this",
            "module.ecs.aws_ecr_lifecycle_policy.this",
            "module.ecs.aws_ecr_repository.this",
            "module.ecs.aws_ecs_cluster.this",
            "module.ecs.aws_ecs_service.ignore_changes",
            "module.ecs.aws_ecs_service.this",
            "module.ecs.aws_ecs_task_definition.ignore_changes",
            "module.ecs.aws_ecs_task_definition.this",
            "module.ecs.aws_iam_role.this",
            "module.ecs.aws_iam_role_policy.this",
            "module.ecs.data.aws_caller_identity.this",
            "module.ecs.data.aws_region.this",
            "module.load-balancer.aws_lb.this",
            "module.load-balancer.aws_lb_listener.http",
            "module.load-balancer.aws_lb_listener.https",
            "module.load-balancer.aws_lb_listener_rule.http",
            "module.load-balancer.aws_lb_listener_rule.https",
            "module.load-balancer.aws_lb_target_group.this",
            "module.load-balancer.aws_lb_target_group_attachment.this",
            "module.load-balancer.data.aws_caller_identity.this",
            "module.load-balancer.data.aws_region.this",
            "module.security-group-ec2.aws_security_group.this",
            "module.security-group-ec2.aws_security_group_rule.egress",
            "module.security-group-ec2.aws_security_group_rule.egress-source-sg",
            "module.security-group-ec2.aws_security_group_rule.ingress",
            "module.security-group-ec2.aws_security_group_rule.source-sg-tcp",
            "module.security-group-ec2.aws_security_group_rule.source-sg-udp",
            "module.security-group-ec2.aws_security_group_rule.ssh_ingress",
            "module.security-group-ec2.aws_security_group_rule.udp",
            "module.security-group-ecs.aws_security_group.this",
            "module.security-group-ecs.aws_security_group_rule.egress",
            "module.security-group-ecs.aws_security_group_rule.egress-source-sg",
            "module.security-group-ecs.aws_security_group_rule.ingress",
            "module.security-group-ecs.aws_security_group_rule.source-sg-tcp",
            "module.security-group-ecs.aws_security_group_rule.source-sg-udp",
            "module.security-group-ecs.aws_security_group_rule.ssh_ingress",
            "module.security-group-ecs.aws_security_group_rule.udp",
            "module.security-group-lb.aws_security_group.this",
            "module.security-group-lb.aws_security_group_rule.egress",
            "module.security-group-lb.aws_security_group_rule.egress-source-sg",
            "module.security-group-lb.aws_security_group_rule.ingress",
            "module.security-group-lb.aws_security_group_rule.source-sg-tcp",
            "module.security-group-lb.aws_security_group_rule.source-sg-udp",
            "module.security-group-lb.aws_security_group_rule.ssh_ingress",
            "module.security-group-lb.aws_security_group_rule.udp"
          ]
        }
      ]
    },
    {
      "module": "module.ecs-pipeline[0]",
      "mode": "managed",
      "type": "aws_iam_role",
      "name": "public_build_role",
      "provider": "provider[\"registry.terraform.io/hashicorp/aws\"]",
      "instances": [
        {
          "index_key": 0,
          "schema_version": 0,
          "attributes": {
            "arn": "arn:aws:iam::521503820723:role/Node-App-1-public-build-logs-role",
            "assume_role_policy": "{\"Statement\":[{\"Action\":\"sts:AssumeRole\",\"Effect\":\"Allow\",\"Principal\":{\"Service\":[\"codebuild.amazonaws.com\"]}}],\"Version\":\"2012-10-17\"}",
            "create_date": "2023-12-14T06:36:59Z",
            "description": "",
            "force_detach_policies": false,
            "id": "Node-App-1-public-build-logs-role",
            "inline_policy": [
              {
                "name": "Node-App-1-public-build-logs-policy",
                "policy": "{\"Version\":\"2012-10-17\",\"Statement\":[{\"Action\":[\"logs:GetLogEvents\"],\"Effect\":\"Allow\",\"Resource\":[\"arn:aws:logs:us-east-1:521503820723:log-group:/aws/codebuild/Node-App-1:*\"]}]}"
              }
            ],
            "managed_policy_arns": [
              "arn:aws:iam::521503820723:policy/service-role/CodeBuildPublicBuildPolicyCWLogs-Node-App-1-us-east-1-Node-App-1-public-build-logs-role"
            ],
            "max_session_duration": 3600,
            "name": "Node-App-1-public-build-logs-role",
            "name_prefix": "",
            "path": "/",
            "permissions_boundary": "",
            "tags": {
              "Name": "Node-App-1-public-build-logs-role"
            },
            "tags_all": {
              "Name": "Node-App-1-public-build-logs-role"
            },
            "unique_id": "AROAXS3AMZOZRVXPVQLKQ"
          },
          "sensitive_attributes": [],
          "private": "bnVsbA==",
          "dependencies": [
            "data.aws_subnets.this",
            "module.ec2.aws_eip.this",
            "module.ec2.aws_iam_instance_profile.this",
            "module.ec2.aws_iam_role.ec2_role",
            "module.ec2.aws_iam_role_policy.ec2_policy",
            "module.ec2.aws_instance.this",
            "module.ecs.aws_appautoscaling_policy.this",
            "module.ecs.aws_appautoscaling_target.this",
            "module.ecs.aws_cloudwatch_log_group.this",
            "module.ecs.aws_ecr_lifecycle_policy.this",
            "module.ecs.aws_ecr_repository.this",
            "module.ecs.aws_ecs_cluster.this",
            "module.ecs.aws_ecs_service.ignore_changes",
            "module.ecs.aws_ecs_service.this",
            "module.ecs.aws_ecs_task_definition.ignore_changes",
            "module.ecs.aws_ecs_task_definition.this",
            "module.ecs.aws_iam_role.this",
            "module.ecs.aws_iam_role_policy.this",
            "module.ecs.data.aws_caller_identity.this",
            "module.ecs.data.aws_region.this",
            "module.load-balancer.aws_lb.this",
            "module.load-balancer.aws_lb_listener.http",
            "module.load-balancer.aws_lb_listener.https",
            "module.load-balancer.aws_lb_listener_rule.http",
            "module.load-balancer.aws_lb_listener_rule.https",
            "module.load-balancer.aws_lb_target_group.this",
            "module.load-balancer.aws_lb_target_group_attachment.this",
            "module.load-balancer.data.aws_caller_identity.this",
            "module.load-balancer.data.aws_region.this",
            "module.security-group-ec2.aws_security_group.this",
            "module.security-group-ec2.aws_security_group_rule.egress",
            "module.security-group-ec2.aws_security_group_rule.egress-source-sg",
            "module.security-group-ec2.aws_security_group_rule.ingress",
            "module.security-group-ec2.aws_security_group_rule.source-sg-tcp",
            "module.security-group-ec2.aws_security_group_rule.source-sg-udp",
            "module.security-group-ec2.aws_security_group_rule.ssh_ingress",
            "module.security-group-ec2.aws_security_group_rule.udp",
            "module.security-group-ecs.aws_security_group.this",
            "module.security-group-ecs.aws_security_group_rule.egress",
            "module.security-group-ecs.aws_security_group_rule.egress-source-sg",
            "module.security-group-ecs.aws_security_group_rule.ingress",
            "module.security-group-ecs.aws_security_group_rule.source-sg-tcp",
            "module.security-group-ecs.aws_security_group_rule.source-sg-udp",
            "module.security-group-ecs.aws_security_group_rule.ssh_ingress",
            "module.security-group-ecs.aws_security_group_rule.udp",
            "module.security-group-lb.aws_security_group.this",
            "module.security-group-lb.aws_security_group_rule.egress",
            "module.security-group-lb.aws_security_group_rule.egress-source-sg",
            "module.security-group-lb.aws_security_group_rule.ingress",
            "module.security-group-lb.aws_security_group_rule.source-sg-tcp",
            "module.security-group-lb.aws_security_group_rule.source-sg-udp",
            "module.security-group-lb.aws_security_group_rule.ssh_ingress",
            "module.security-group-lb.aws_security_group_rule.udp"
          ]
        }
      ]
    },
    {
      "module": "module.ecs-pipeline[0]",
      "mode": "managed",
      "type": "aws_iam_role_policy",
      "name": "backend_build_policy",
      "provider": "provider[\"registry.terraform.io/hashicorp/aws\"]",
      "instances": [
        {
          "index_key": 0,
          "schema_version": 0,
          "attributes": {
            "id": "Node-App-1-build-role:Node-App-1-backend-build-policy",
            "name": "Node-App-1-backend-build-policy",
            "name_prefix": "",
            "policy": "{\"Version\":\"2012-10-17\",\"Statement\":[{\"Action\":[\"ec2:CreateNetworkInterface\",\"ec2:DescribeDhcpOptions\",\"ec2:DescribeNetworkInterfaces\",\"ec2:DeleteNetworkInterface\",\"ec2:DescribeSubnets\",\"ec2:DescribeSecurityGroups\",\"ec2:DescribeVpcs\",\"logs:CreateLogGroup\",\"logs:CreateLogStream\",\"logs:PutLogEvents\",\"eks:Describe*\"],\"Effect\":\"Allow\",\"Resource\":\"*\"},{\"Action\":[\"ec2:CreateNetworkInterfacePermission\"],\"Condition\":{\"StringEquals\":{\"ec2:AuthorizedService\":\"codebuild.amazonaws.com\",\"ec2:Subnet\":\"*\"}},\"Effect\":\"Allow\",\"Resource\":\"*\"},{\"Action\":[\"ecr:GetDownloadUrlForLayer\",\"ecr:BatchGetImage\",\"ecr:BatchCheckLayerAvailability\",\"ecr:PutImage\",\"ecr:InitiateLayerUpload\",\"ecr:UploadLayerPart\",\"ecr:CompleteLayerUpload\"],\"Effect\":\"Allow\",\"Resource\":\"*\"},{\"Action\":[\"codebuild:CreateReportGroup\",\"codebuild:CreateReport\",\"codebuild:UpdateReport\",\"codebuild:BatchPutTestCases\",\"codebuild:BatchPutCodeCoverages\"],\"Effect\":\"Allow\",\"Resource\":[\"arn:aws:codebuild:us-east-1:521503820723:project/Node-App-1\"]},{\"Action\":[\"s3:PutObject\",\"s3:GetObject\",\"s3:GetObjectVersion\"],\"Effect\":\"Allow\",\"Resource\":[\"arn:aws:s3:::node-app-1-521503820723-pipeline\",\"arn:aws:s3:::node-app-1-521503820723-pipeline/*\"]},{\"Action\":[\"ecr:GetAuthorizationToken\"],\"Effect\":\"Allow\",\"Resource\":\"*\"},{\"Action\":[\"sts:AssumeRole\"],\"Effect\":\"Allow\",\"Resource\":\"arn:aws:iam::521503820723:role/*\"}]}",
            "role": "Node-App-1-build-role"
          },
          "sensitive_attributes": [],
          "private": "bnVsbA==",
          "dependencies": [
            "aws_s3_bucket.this",
            "aws_secretsmanager_secret.this",
            "data.aws_caller_identity.this",
            "data.aws_subnets.this",
            "module.ec2.aws_eip.this",
            "module.ec2.aws_iam_instance_profile.this",
            "module.ec2.aws_iam_role.ec2_role",
            "module.ec2.aws_iam_role_policy.ec2_policy",
            "module.ec2.aws_instance.this",
            "module.ecs-pipeline.aws_codebuild_project.this",
            "module.ecs-pipeline.aws_iam_role.build_role",
            "module.ecs-pipeline.aws_iam_role.public_build_role",
            "module.ecs-pipeline.data.aws_caller_identity.this",
            "module.ecs.aws_appautoscaling_policy.this",
            "module.ecs.aws_appautoscaling_target.this",
            "module.ecs.aws_cloudwatch_log_group.this",
            "module.ecs.aws_ecr_lifecycle_policy.this",
            "module.ecs.aws_ecr_repository.this",
            "module.ecs.aws_ecs_cluster.this",
            "module.ecs.aws_ecs_service.ignore_changes",
            "module.ecs.aws_ecs_service.this",
            "module.ecs.aws_ecs_task_definition.ignore_changes",
            "module.ecs.aws_ecs_task_definition.this",
            "module.ecs.aws_iam_role.this",
            "module.ecs.aws_iam_role_policy.this",
            "module.ecs.data.aws_caller_identity.this",
            "module.ecs.data.aws_region.this",
            "module.load-balancer.aws_lb.this",
            "module.load-balancer.aws_lb_listener.http",
            "module.load-balancer.aws_lb_listener.https",
            "module.load-balancer.aws_lb_listener_rule.http",
            "module.load-balancer.aws_lb_listener_rule.https",
            "module.load-balancer.aws_lb_target_group.this",
            "module.load-balancer.aws_lb_target_group_attachment.this",
            "module.load-balancer.data.aws_caller_identity.this",
            "module.load-balancer.data.aws_region.this",
            "module.security-group-ec2.aws_security_group.this",
            "module.security-group-ec2.aws_security_group_rule.egress",
            "module.security-group-ec2.aws_security_group_rule.egress-source-sg",
            "module.security-group-ec2.aws_security_group_rule.ingress",
            "module.security-group-ec2.aws_security_group_rule.source-sg-tcp",
            "module.security-group-ec2.aws_security_group_rule.source-sg-udp",
            "module.security-group-ec2.aws_security_group_rule.ssh_ingress",
            "module.security-group-ec2.aws_security_group_rule.udp",
            "module.security-group-ecs.aws_security_group.this",
            "module.security-group-ecs.aws_security_group_rule.egress",
            "module.security-group-ecs.aws_security_group_rule.egress-source-sg",
            "module.security-group-ecs.aws_security_group_rule.ingress",
            "module.security-group-ecs.aws_security_group_rule.source-sg-tcp",
            "module.security-group-ecs.aws_security_group_rule.source-sg-udp",
            "module.security-group-ecs.aws_security_group_rule.ssh_ingress",
            "module.security-group-ecs.aws_security_group_rule.udp",
            "module.security-group-lb.aws_security_group.this",
            "module.security-group-lb.aws_security_group_rule.egress",
            "module.security-group-lb.aws_security_group_rule.egress-source-sg",
            "module.security-group-lb.aws_security_group_rule.ingress",
            "module.security-group-lb.aws_security_group_rule.source-sg-tcp",
            "module.security-group-lb.aws_security_group_rule.source-sg-udp",
            "module.security-group-lb.aws_security_group_rule.ssh_ingress",
            "module.security-group-lb.aws_security_group_rule.udp"
          ]
        }
      ]
    },
    {
      "module": "module.ecs-pipeline[0]",
      "mode": "managed",
      "type": "aws_iam_role_policy",
      "name": "build_policy",
      "provider": "provider[\"registry.terraform.io/hashicorp/aws\"]",
      "instances": [
        {
          "index_key": 0,
          "schema_version": 0,
          "attributes": {
            "id": "Node-App-1-build-role:Node-App-1-build-policy",
            "name": "Node-App-1-build-policy",
            "name_prefix": "",
            "policy": "{\"Version\":\"2012-10-17\",\"Statement\":[{\"Action\":[\"ec2:CreateNetworkInterface\",\"ec2:DescribeDhcpOptions\",\"ec2:DescribeNetworkInterfaces\",\"ec2:DeleteNetworkInterface\",\"ec2:DescribeSubnets\",\"ec2:DescribeSecurityGroups\",\"ec2:DescribeVpcs\",\"logs:*\"],\"Effect\":\"Allow\",\"Resource\":\"*\"},{\"Action\":[\"ec2:CreateNetworkInterfacePermission\"],\"Condition\":{\"StringEquals\":{\"ec2:AuthorizedService\":\"codebuild.amazonaws.com\",\"ec2:Subnet\":[\"*\"]}},\"Effect\":\"Allow\",\"Resource\":[\"arn:aws:ec2:us-east-1:521503820723:network-interface/*\"]},{\"Action\":[\"ecr:*\",\"s3:*\",\"codebuild:CreateReportGroup\",\"codebuild:CreateReport\",\"codebuild:UpdateReport\",\"codebuild:BatchPutTestCases\"],\"Effect\":\"Allow\",\"Resource\":[\"*\"]},{\"Action\":[\"secretsmanager:GetSecretValue\"],\"Effect\":\"Allow\",\"Resource\":\"arn:aws:secretsmanager:us-east-1:521503820723:secret:/jerin/docker/pwd-dSzAS6\"}]}",
            "role": "Node-App-1-build-role"
          },
          "sensitive_attributes": [],
          "private": "bnVsbA==",
          "dependencies": [
            "aws_secretsmanager_secret.this",
            "data.aws_subnets.this",
            "module.ec2.aws_eip.this",
            "module.ec2.aws_iam_instance_profile.this",
            "module.ec2.aws_iam_role.ec2_role",
            "module.ec2.aws_iam_role_policy.ec2_policy",
            "module.ec2.aws_instance.this",
            "module.ecs-pipeline.aws_iam_role.build_role",
            "module.ecs-pipeline.data.aws_caller_identity.this",
            "module.ecs-pipeline.data.aws_region.this",
            "module.ecs.aws_appautoscaling_policy.this",
            "module.ecs.aws_appautoscaling_target.this",
            "module.ecs.aws_cloudwatch_log_group.this",
            "module.ecs.aws_ecr_lifecycle_policy.this",
            "module.ecs.aws_ecr_repository.this",
            "module.ecs.aws_ecs_cluster.this",
            "module.ecs.aws_ecs_service.ignore_changes",
            "module.ecs.aws_ecs_service.this",
            "module.ecs.aws_ecs_task_definition.ignore_changes",
            "module.ecs.aws_ecs_task_definition.this",
            "module.ecs.aws_iam_role.this",
            "module.ecs.aws_iam_role_policy.this",
            "module.ecs.data.aws_caller_identity.this",
            "module.ecs.data.aws_region.this",
            "module.load-balancer.aws_lb.this",
            "module.load-balancer.aws_lb_listener.http",
            "module.load-balancer.aws_lb_listener.https",
            "module.load-balancer.aws_lb_listener_rule.http",
            "module.load-balancer.aws_lb_listener_rule.https",
            "module.load-balancer.aws_lb_target_group.this",
            "module.load-balancer.aws_lb_target_group_attachment.this",
            "module.load-balancer.data.aws_caller_identity.this",
            "module.load-balancer.data.aws_region.this",
            "module.security-group-ec2.aws_security_group.this",
            "module.security-group-ec2.aws_security_group_rule.egress",
            "module.security-group-ec2.aws_security_group_rule.egress-source-sg",
            "module.security-group-ec2.aws_security_group_rule.ingress",
            "module.security-group-ec2.aws_security_group_rule.source-sg-tcp",
            "module.security-group-ec2.aws_security_group_rule.source-sg-udp",
            "module.security-group-ec2.aws_security_group_rule.ssh_ingress",
            "module.security-group-ec2.aws_security_group_rule.udp",
            "module.security-group-ecs.aws_security_group.this",
            "module.security-group-ecs.aws_security_group_rule.egress",
            "module.security-group-ecs.aws_security_group_rule.egress-source-sg",
            "module.security-group-ecs.aws_security_group_rule.ingress",
            "module.security-group-ecs.aws_security_group_rule.source-sg-tcp",
            "module.security-group-ecs.aws_security_group_rule.source-sg-udp",
            "module.security-group-ecs.aws_security_group_rule.ssh_ingress",
            "module.security-group-ecs.aws_security_group_rule.udp",
            "module.security-group-lb.aws_security_group.this",
            "module.security-group-lb.aws_security_group_rule.egress",
            "module.security-group-lb.aws_security_group_rule.egress-source-sg",
            "module.security-group-lb.aws_security_group_rule.ingress",
            "module.security-group-lb.aws_security_group_rule.source-sg-tcp",
            "module.security-group-lb.aws_security_group_rule.source-sg-udp",
            "module.security-group-lb.aws_security_group_rule.ssh_ingress",
            "module.security-group-lb.aws_security_group_rule.udp"
          ]
        }
      ]
    },
    {
      "module": "module.ecs-pipeline[0]",
      "mode": "managed",
      "type": "aws_iam_role_policy",
      "name": "pipeline_policy",
      "provider": "provider[\"registry.terraform.io/hashicorp/aws\"]",
      "instances": [
        {
          "schema_version": 0,
          "attributes": {
            "id": "Node-App-1-pipeline-role:Node-App-1-pipeline-policy",
            "name": "Node-App-1-pipeline-policy",
            "name_prefix": "",
            "policy": "{\"Version\":\"2012-10-17\",\"Statement\":[{\"Action\":[\"iam:PassRole\"],\"Condition\":{\"StringEqualsIfExists\":{\"iam:PassedToService\":[\"cloudformation.amazonaws.com\",\"elasticbeanstalk.amazonaws.com\",\"ec2.amazonaws.com\",\"ecs-tasks.amazonaws.com\"]}},\"Effect\":\"Allow\",\"Resource\":[\"*\"]},{\"Action\":[\"codecommit:CancelUploadArchive\",\"codecommit:GetBranch\",\"codecommit:GetCommit\",\"codecommit:GetRepository\",\"codecommit:GetUploadArchiveStatus\",\"codecommit:UploadArchive\",\"codedeploy:CreateDeployment\",\"codedeploy:GetApplication\",\"codedeploy:GetApplicationRevision\",\"codedeploy:GetDeployment\",\"codedeploy:GetDeploymentConfig\",\"codedeploy:RegisterApplicationRevision\",\"codestar-connections:UseConnection\",\"lambda:InvokeFunction\",\"lambda:ListFunctions\",\"opsworks:CreateDeployment\",\"opsworks:DescribeApps\",\"opsworks:DescribeCommands\",\"opsworks:DescribeDeployments\",\"opsworks:DescribeInstances\",\"opsworks:DescribeStacks\",\"opsworks:UpdateApp\",\"opsworks:UpdateStack\",\"cloudformation:CreateStack\",\"cloudformation:DeleteStack\",\"cloudformation:DescribeStacks\",\"cloudformation:UpdateStack\",\"cloudformation:CreateChangeSet\",\"cloudformation:DeleteChangeSet\",\"cloudformation:DescribeChangeSet\",\"cloudformation:ExecuteChangeSet\",\"cloudformation:SetStackPolicy\",\"cloudformation:ValidateTemplate\",\"codebuild:BatchGetBuilds\",\"codebuild:StartBuild\",\"codebuild:BatchGetBuildBatches\",\"codebuild:StartBuildBatch\",\"devicefarm:ListProjects\",\"devicefarm:ListDevicePools\",\"devicefarm:GetRun\",\"devicefarm:GetUpload\",\"devicefarm:CreateUpload\",\"devicefarm:ScheduleRun\",\"servicecatalog:ListProvisioningArtifacts\",\"servicecatalog:CreateProvisioningArtifact\",\"servicecatalog:DescribeProvisioningArtifact\",\"servicecatalog:DeleteProvisioningArtifact\",\"servicecatalog:UpdateProduct\",\"ecr:DescribeImages\",\"states:DescribeExecution\",\"states:DescribeStateMachine\",\"states:StartExecution\",\"appconfig:StartDeployment\",\"appconfig:StopDeployment\",\"appconfig:GetDeployment\"],\"Effect\":\"Allow\",\"Resource\":\"*\"},{\"Action\":[\"elasticbeanstalk:*\",\"ec2:*\",\"elasticloadbalancing:*\",\"autoscaling:*\",\"cloudwatch:*\",\"s3:*\",\"sns:*\",\"cloudformation:*\",\"rds:*\",\"sqs:*\",\"ecs:*\"],\"Effect\":\"Allow\",\"Resource\":\"*\"}]}",
            "role": "Node-App-1-pipeline-role"
          },
          "sensitive_attributes": [],
          "private": "bnVsbA==",
          "dependencies": [
            "data.aws_subnets.this",
            "module.ec2.aws_eip.this",
            "module.ec2.aws_iam_instance_profile.this",
            "module.ec2.aws_iam_role.ec2_role",
            "module.ec2.aws_iam_role_policy.ec2_policy",
            "module.ec2.aws_instance.this",
            "module.ecs-pipeline.aws_iam_role.pipeline_role",
            "module.ecs.aws_appautoscaling_policy.this",
            "module.ecs.aws_appautoscaling_target.this",
            "module.ecs.aws_cloudwatch_log_group.this",
            "module.ecs.aws_ecr_lifecycle_policy.this",
            "module.ecs.aws_ecr_repository.this",
            "module.ecs.aws_ecs_cluster.this",
            "module.ecs.aws_ecs_service.ignore_changes",
            "module.ecs.aws_ecs_service.this",
            "module.ecs.aws_ecs_task_definition.ignore_changes",
            "module.ecs.aws_ecs_task_definition.this",
            "module.ecs.aws_iam_role.this",
            "module.ecs.aws_iam_role_policy.this",
            "module.ecs.data.aws_caller_identity.this",
            "module.ecs.data.aws_region.this",
            "module.load-balancer.aws_lb.this",
            "module.load-balancer.aws_lb_listener.http",
            "module.load-balancer.aws_lb_listener.https",
            "module.load-balancer.aws_lb_listener_rule.http",
            "module.load-balancer.aws_lb_listener_rule.https",
            "module.load-balancer.aws_lb_target_group.this",
            "module.load-balancer.aws_lb_target_group_attachment.this",
            "module.load-balancer.data.aws_caller_identity.this",
            "module.load-balancer.data.aws_region.this",
            "module.security-group-ec2.aws_security_group.this",
            "module.security-group-ec2.aws_security_group_rule.egress",
            "module.security-group-ec2.aws_security_group_rule.egress-source-sg",
            "module.security-group-ec2.aws_security_group_rule.ingress",
            "module.security-group-ec2.aws_security_group_rule.source-sg-tcp",
            "module.security-group-ec2.aws_security_group_rule.source-sg-udp",
            "module.security-group-ec2.aws_security_group_rule.ssh_ingress",
            "module.security-group-ec2.aws_security_group_rule.udp",
            "module.security-group-ecs.aws_security_group.this",
            "module.security-group-ecs.aws_security_group_rule.egress",
            "module.security-group-ecs.aws_security_group_rule.egress-source-sg",
            "module.security-group-ecs.aws_security_group_rule.ingress",
            "module.security-group-ecs.aws_security_group_rule.source-sg-tcp",
            "module.security-group-ecs.aws_security_group_rule.source-sg-udp",
            "module.security-group-ecs.aws_security_group_rule.ssh_ingress",
            "module.security-group-ecs.aws_security_group_rule.udp",
            "module.security-group-lb.aws_security_group.this",
            "module.security-group-lb.aws_security_group_rule.egress",
            "module.security-group-lb.aws_security_group_rule.egress-source-sg",
            "module.security-group-lb.aws_security_group_rule.ingress",
            "module.security-group-lb.aws_security_group_rule.source-sg-tcp",
            "module.security-group-lb.aws_security_group_rule.source-sg-udp",
            "module.security-group-lb.aws_security_group_rule.ssh_ingress",
            "module.security-group-lb.aws_security_group_rule.udp"
          ]
        }
      ]
    },
    {
      "module": "module.ecs-pipeline[0]",
      "mode": "managed",
      "type": "aws_iam_role_policy",
      "name": "public_build_policy",
      "provider": "provider[\"registry.terraform.io/hashicorp/aws\"]",
      "instances": [
        {
          "index_key": 0,
          "schema_version": 0,
          "attributes": {
            "id": "Node-App-1-public-build-logs-role:Node-App-1-public-build-logs-policy",
            "name": "Node-App-1-public-build-logs-policy",
            "name_prefix": "",
            "policy": "{\"Version\":\"2012-10-17\",\"Statement\":[{\"Action\":[\"logs:GetLogEvents\"],\"Effect\":\"Allow\",\"Resource\":[\"arn:aws:logs:us-east-1:521503820723:log-group:/aws/codebuild/Node-App-1:*\"]}]}",
            "role": "Node-App-1-public-build-logs-role"
          },
          "sensitive_attributes": [],
          "private": "bnVsbA==",
          "dependencies": [
            "data.aws_subnets.this",
            "module.ec2.aws_eip.this",
            "module.ec2.aws_iam_instance_profile.this",
            "module.ec2.aws_iam_role.ec2_role",
            "module.ec2.aws_iam_role_policy.ec2_policy",
            "module.ec2.aws_instance.this",
            "module.ecs-pipeline.aws_iam_role.public_build_role",
            "module.ecs-pipeline.data.aws_caller_identity.this",
            "module.ecs-pipeline.data.aws_region.this",
            "module.ecs.aws_appautoscaling_policy.this",
            "module.ecs.aws_appautoscaling_target.this",
            "module.ecs.aws_cloudwatch_log_group.this",
            "module.ecs.aws_ecr_lifecycle_policy.this",
            "module.ecs.aws_ecr_repository.this",
            "module.ecs.aws_ecs_cluster.this",
            "module.ecs.aws_ecs_service.ignore_changes",
            "module.ecs.aws_ecs_service.this",
            "module.ecs.aws_ecs_task_definition.ignore_changes",
            "module.ecs.aws_ecs_task_definition.this",
            "module.ecs.aws_iam_role.this",
            "module.ecs.aws_iam_role_policy.this",
            "module.ecs.data.aws_caller_identity.this",
            "module.ecs.data.aws_region.this",
            "module.load-balancer.aws_lb.this",
            "module.load-balancer.aws_lb_listener.http",
            "module.load-balancer.aws_lb_listener.https",
            "module.load-balancer.aws_lb_listener_rule.http",
            "module.load-balancer.aws_lb_listener_rule.https",
            "module.load-balancer.aws_lb_target_group.this",
            "module.load-balancer.aws_lb_target_group_attachment.this",
            "module.load-balancer.data.aws_caller_identity.this",
            "module.load-balancer.data.aws_region.this",
            "module.security-group-ec2.aws_security_group.this",
            "module.security-group-ec2.aws_security_group_rule.egress",
            "module.security-group-ec2.aws_security_group_rule.egress-source-sg",
            "module.security-group-ec2.aws_security_group_rule.ingress",
            "module.security-group-ec2.aws_security_group_rule.source-sg-tcp",
            "module.security-group-ec2.aws_security_group_rule.source-sg-udp",
            "module.security-group-ec2.aws_security_group_rule.ssh_ingress",
            "module.security-group-ec2.aws_security_group_rule.udp",
            "module.security-group-ecs.aws_security_group.this",
            "module.security-group-ecs.aws_security_group_rule.egress",
            "module.security-group-ecs.aws_security_group_rule.egress-source-sg",
            "module.security-group-ecs.aws_security_group_rule.ingress",
            "module.security-group-ecs.aws_security_group_rule.source-sg-tcp",
            "module.security-group-ecs.aws_security_group_rule.source-sg-udp",
            "module.security-group-ecs.aws_security_group_rule.ssh_ingress",
            "module.security-group-ecs.aws_security_group_rule.udp",
            "module.security-group-lb.aws_security_group.this",
            "module.security-group-lb.aws_security_group_rule.egress",
            "module.security-group-lb.aws_security_group_rule.egress-source-sg",
            "module.security-group-lb.aws_security_group_rule.ingress",
            "module.security-group-lb.aws_security_group_rule.source-sg-tcp",
            "module.security-group-lb.aws_security_group_rule.source-sg-udp",
            "module.security-group-lb.aws_security_group_rule.ssh_ingress",
            "module.security-group-lb.aws_security_group_rule.udp"
          ]
        }
      ]
    },
    {
      "module": "module.ecs[0]",
      "mode": "data",
      "type": "aws_caller_identity",
      "name": "this",
      "provider": "provider[\"registry.terraform.io/hashicorp/aws\"]",
      "instances": [
        {
          "schema_version": 0,
          "attributes": {
            "account_id": "521503820723",
            "arn": "arn:aws:iam::521503820723:user/gem",
            "id": "521503820723",
            "user_id": "AIDAXS3AMZOZQJD3N3B7D"
          },
          "sensitive_attributes": []
        }
      ]
    },
    {
      "module": "module.ecs[0]",
      "mode": "data",
      "type": "aws_region",
      "name": "this",
      "provider": "provider[\"registry.terraform.io/hashicorp/aws\"]",
      "instances": [
        {
          "schema_version": 0,
          "attributes": {
            "description": "US East (N. Virginia)",
            "endpoint": "ec2.us-east-1.amazonaws.com",
            "id": "us-east-1",
            "name": "us-east-1"
          },
          "sensitive_attributes": []
        }
      ]
    },
    {
      "module": "module.ecs[0]",
      "mode": "managed",
      "type": "aws_appautoscaling_policy",
      "name": "this",
      "provider": "provider[\"registry.terraform.io/hashicorp/aws\"]",
      "instances": [
        {
          "index_key": 0,
          "schema_version": 0,
          "attributes": {
            "alarm_arns": [
              "arn:aws:cloudwatch:us-east-1:521503820723:alarm:TargetTracking-service/jerin-cluster/Node-App-1-AlarmHigh-1f98af02-6721-414b-bef8-f8e766ee8d3a",
              "arn:aws:cloudwatch:us-east-1:521503820723:alarm:TargetTracking-service/jerin-cluster/Node-App-1-AlarmLow-563e0b9c-22c4-4f77-bc0b-630bd84bb773"
            ],
            "arn": "arn:aws:autoscaling:us-east-1:521503820723:scalingPolicy:58e4a7ad-a96a-4ba4-a23c-6f6426564cc7:resource/ecs/service/jerin-cluster/Node-App-1:policyName/Node-App-1-CpuUtilization",
            "id": "Node-App-1-CpuUtilization",
            "name": "Node-App-1-CpuUtilization",
            "policy_type": "TargetTrackingScaling",
            "resource_id": "service/jerin-cluster/Node-App-1",
            "scalable_dimension": "ecs:service:DesiredCount",
            "service_namespace": "ecs",
            "step_scaling_policy_configuration": [],
            "target_tracking_scaling_policy_configuration": [
              {
                "customized_metric_specification": [],
                "disable_scale_in": false,
                "predefined_metric_specification": [
                  {
                    "predefined_metric_type": "ECSServiceAverageCPUUtilization",
                    "resource_label": ""
                  }
                ],
                "scale_in_cooldown": 0,
                "scale_out_cooldown": 0,
                "target_value": 75
              }
            ]
          },
          "sensitive_attributes": [],
          "private": "bnVsbA==",
          "dependencies": [
            "data.aws_subnets.this",
            "module.ec2.aws_eip.this",
            "module.ec2.aws_iam_instance_profile.this",
            "module.ec2.aws_iam_role.ec2_role",
            "module.ec2.aws_iam_role_policy.ec2_policy",
            "module.ec2.aws_instance.this",
            "module.ecs.aws_appautoscaling_target.this",
            "module.ecs.aws_ecr_repository.this",
            "module.ecs.aws_ecs_cluster.this",
            "module.ecs.aws_ecs_service.ignore_changes",
            "module.ecs.aws_ecs_service.this",
            "module.ecs.aws_ecs_task_definition.ignore_changes",
            "module.ecs.aws_ecs_task_definition.this",
            "module.ecs.aws_iam_role.this",
            "module.ecs.data.aws_caller_identity.this",
            "module.ecs.data.aws_region.this",
            "module.load-balancer.aws_lb.this",
            "module.load-balancer.aws_lb_listener.http",
            "module.load-balancer.aws_lb_listener.https",
            "module.load-balancer.aws_lb_listener_rule.http",
            "module.load-balancer.aws_lb_listener_rule.https",
            "module.load-balancer.aws_lb_target_group.this",
            "module.load-balancer.aws_lb_target_group_attachment.this",
            "module.load-balancer.data.aws_caller_identity.this",
            "module.load-balancer.data.aws_region.this",
            "module.security-group-ec2.aws_security_group.this",
            "module.security-group-ec2.aws_security_group_rule.egress",
            "module.security-group-ec2.aws_security_group_rule.egress-source-sg",
            "module.security-group-ec2.aws_security_group_rule.ingress",
            "module.security-group-ec2.aws_security_group_rule.source-sg-tcp",
            "module.security-group-ec2.aws_security_group_rule.source-sg-udp",
            "module.security-group-ec2.aws_security_group_rule.ssh_ingress",
            "module.security-group-ec2.aws_security_group_rule.udp",
            "module.security-group-ecs.aws_security_group.this",
            "module.security-group-ecs.aws_security_group_rule.egress",
            "module.security-group-ecs.aws_security_group_rule.egress-source-sg",
            "module.security-group-ecs.aws_security_group_rule.ingress",
            "module.security-group-ecs.aws_security_group_rule.source-sg-tcp",
            "module.security-group-ecs.aws_security_group_rule.source-sg-udp",
            "module.security-group-ecs.aws_security_group_rule.ssh_ingress",
            "module.security-group-ecs.aws_security_group_rule.udp",
            "module.security-group-lb.aws_security_group.this",
            "module.security-group-lb.aws_security_group_rule.egress",
            "module.security-group-lb.aws_security_group_rule.egress-source-sg",
            "module.security-group-lb.aws_security_group_rule.ingress",
            "module.security-group-lb.aws_security_group_rule.source-sg-tcp",
            "module.security-group-lb.aws_security_group_rule.source-sg-udp",
            "module.security-group-lb.aws_security_group_rule.ssh_ingress",
            "module.security-group-lb.aws_security_group_rule.udp"
          ]
        }
      ]
    },
    {
      "module": "module.ecs[0]",
      "mode": "managed",
      "type": "aws_appautoscaling_target",
      "name": "this",
      "provider": "provider[\"registry.terraform.io/hashicorp/aws\"]",
      "instances": [
        {
          "index_key": 0,
          "schema_version": 0,
          "attributes": {
            "arn": "arn:aws:application-autoscaling:us-east-1:521503820723:scalable-target/0ec558e4a7ada96a4ba4a23c6f6426564cc7",
            "id": "service/jerin-cluster/Node-App-1",
            "max_capacity": 5,
            "min_capacity": 1,
            "resource_id": "service/jerin-cluster/Node-App-1",
            "role_arn": "arn:aws:iam::521503820723:role/aws-service-role/ecs.application-autoscaling.amazonaws.com/AWSServiceRoleForApplicationAutoScaling_ECSService",
            "scalable_dimension": "ecs:service:DesiredCount",
            "service_namespace": "ecs",
            "tags": {},
            "tags_all": {}
          },
          "sensitive_attributes": [],
          "private": "bnVsbA==",
          "dependencies": [
            "data.aws_subnets.this",
            "module.ec2.aws_eip.this",
            "module.ec2.aws_iam_instance_profile.this",
            "module.ec2.aws_iam_role.ec2_role",
            "module.ec2.aws_iam_role_policy.ec2_policy",
            "module.ec2.aws_instance.this",
            "module.ecs.aws_ecr_repository.this",
            "module.ecs.aws_ecs_cluster.this",
            "module.ecs.aws_ecs_service.ignore_changes",
            "module.ecs.aws_ecs_service.this",
            "module.ecs.aws_ecs_task_definition.ignore_changes",
            "module.ecs.aws_ecs_task_definition.this",
            "module.ecs.aws_iam_role.this",
            "module.ecs.data.aws_caller_identity.this",
            "module.ecs.data.aws_region.this",
            "module.load-balancer.aws_lb.this",
            "module.load-balancer.aws_lb_listener.http",
            "module.load-balancer.aws_lb_listener.https",
            "module.load-balancer.aws_lb_listener_rule.http",
            "module.load-balancer.aws_lb_listener_rule.https",
            "module.load-balancer.aws_lb_target_group.this",
            "module.load-balancer.aws_lb_target_group_attachment.this",
            "module.load-balancer.data.aws_caller_identity.this",
            "module.load-balancer.data.aws_region.this",
            "module.security-group-ec2.aws_security_group.this",
            "module.security-group-ec2.aws_security_group_rule.egress",
            "module.security-group-ec2.aws_security_group_rule.egress-source-sg",
            "module.security-group-ec2.aws_security_group_rule.ingress",
            "module.security-group-ec2.aws_security_group_rule.source-sg-tcp",
            "module.security-group-ec2.aws_security_group_rule.source-sg-udp",
            "module.security-group-ec2.aws_security_group_rule.ssh_ingress",
            "module.security-group-ec2.aws_security_group_rule.udp",
            "module.security-group-ecs.aws_security_group.this",
            "module.security-group-ecs.aws_security_group_rule.egress",
            "module.security-group-ecs.aws_security_group_rule.egress-source-sg",
            "module.security-group-ecs.aws_security_group_rule.ingress",
            "module.security-group-ecs.aws_security_group_rule.source-sg-tcp",
            "module.security-group-ecs.aws_security_group_rule.source-sg-udp",
            "module.security-group-ecs.aws_security_group_rule.ssh_ingress",
            "module.security-group-ecs.aws_security_group_rule.udp",
            "module.security-group-lb.aws_security_group.this",
            "module.security-group-lb.aws_security_group_rule.egress",
            "module.security-group-lb.aws_security_group_rule.egress-source-sg",
            "module.security-group-lb.aws_security_group_rule.ingress",
            "module.security-group-lb.aws_security_group_rule.source-sg-tcp",
            "module.security-group-lb.aws_security_group_rule.source-sg-udp",
            "module.security-group-lb.aws_security_group_rule.ssh_ingress",
            "module.security-group-lb.aws_security_group_rule.udp"
          ]
        }
      ]
    },
    {
      "module": "module.ecs[0]",
      "mode": "managed",
      "type": "aws_cloudwatch_log_group",
      "name": "this",
      "provider": "provider[\"registry.terraform.io/hashicorp/aws\"]",
      "instances": [
        {
          "index_key": 0,
          "schema_version": 0,
          "attributes": {
            "arn": "arn:aws:logs:us-east-1:521503820723:log-group:/ecs/Node-App-1",
            "id": "/ecs/Node-App-1",
            "kms_key_id": "",
            "name": "/ecs/Node-App-1",
            "name_prefix": "",
            "retention_in_days": 30,
            "skip_destroy": false,
            "tags": {
              "Name": "Node-App-1"
            },
            "tags_all": {
              "Name": "Node-App-1"
            }
          },
          "sensitive_attributes": [],
          "private": "bnVsbA=="
        }
      ]
    },
    {
      "module": "module.ecs[0]",
      "mode": "managed",
      "type": "aws_ecr_lifecycle_policy",
      "name": "this",
      "provider": "provider[\"registry.terraform.io/hashicorp/aws\"]",
      "instances": [
        {
          "index_key": 0,
          "schema_version": 0,
          "attributes": {
            "id": "node-app-1",
            "policy": "{\"rules\":[{\"action\":{\"type\":\"expire\"},\"description\":\"rule for remove untagged images\",\"rulePriority\":1,\"selection\":{\"countNumber\":1,\"countType\":\"sinceImagePushed\",\"countUnit\":\"days\",\"tagStatus\":\"untagged\"}},{\"action\":{\"type\":\"expire\"},\"description\":\"rule for remove other old images\",\"rulePriority\":2,\"selection\":{\"countNumber\":25,\"countType\":\"imageCountMoreThan\",\"tagStatus\":\"any\"}}]}",
            "registry_id": "521503820723",
            "repository": "node-app-1"
          },
          "sensitive_attributes": [],
          "private": "bnVsbA==",
          "dependencies": [
            "module.ecs.aws_ecr_repository.this"
          ]
        }
      ]
    },
    {
      "module": "module.ecs[0]",
      "mode": "managed",
      "type": "aws_ecr_repository",
      "name": "this",
      "provider": "provider[\"registry.terraform.io/hashicorp/aws\"]",
      "instances": [
        {
          "index_key": 0,
          "schema_version": 0,
          "attributes": {
            "arn": "arn:aws:ecr:us-east-1:521503820723:repository/node-app-1",
            "encryption_configuration": [
              {
                "encryption_type": "AES256",
                "kms_key": ""
              }
            ],
            "force_delete": true,
            "id": "node-app-1",
            "image_scanning_configuration": [
              {
                "scan_on_push": true
              }
            ],
            "image_tag_mutability": "MUTABLE",
            "name": "node-app-1",
            "registry_id": "521503820723",
            "repository_url": "521503820723.dkr.ecr.us-east-1.amazonaws.com/node-app-1",
            "tags": {
              "Name": "Node-App-1"
            },
            "tags_all": {
              "Name": "Node-App-1"
            },
            "timeouts": null
          },
          "sensitive_attributes": [],
          "private": "eyJlMmJmYjczMC1lY2FhLTExZTYtOGY4OC0zNDM2M2JjN2M0YzAiOnsiZGVsZXRlIjoxMjAwMDAwMDAwMDAwfX0="
        }
      ]
    },
    {
      "module": "module.ecs[0]",
      "mode": "managed",
      "type": "aws_ecs_cluster",
      "name": "this",
      "provider": "provider[\"registry.terraform.io/hashicorp/aws\"]",
      "instances": [
        {
          "index_key": 0,
          "schema_version": 0,
          "attributes": {
            "arn": "arn:aws:ecs:us-east-1:521503820723:cluster/jerin-cluster",
            "configuration": [],
            "id": "arn:aws:ecs:us-east-1:521503820723:cluster/jerin-cluster",
            "name": "jerin-cluster",
            "service_connect_defaults": [],
            "setting": [
              {
                "name": "containerInsights",
                "value": "disabled"
              }
            ],
            "tags": {
              "Name": "jerin-cluster"
            },
            "tags_all": {
              "Name": "jerin-cluster"
            }
          },
          "sensitive_attributes": [],
          "private": "bnVsbA=="
        }
      ]
    },
    {
      "module": "module.ecs[0]",
      "mode": "managed",
      "type": "aws_ecs_service",
      "name": "ignore_changes",
      "provider": "provider[\"registry.terraform.io/hashicorp/aws\"]",
      "instances": [
        {
          "index_key": 0,
          "schema_version": 0,
          "attributes": {
            "alarms": [],
            "capacity_provider_strategy": [],
            "cluster": "arn:aws:ecs:us-east-1:521503820723:cluster/jerin-cluster",
            "deployment_circuit_breaker": [
              {
                "enable": false,
                "rollback": false
              }
            ],
            "deployment_controller": [
              {
                "type": "ECS"
              }
            ],
            "deployment_maximum_percent": 200,
            "deployment_minimum_healthy_percent": 100,
            "desired_count": 1,
            "enable_ecs_managed_tags": false,
            "enable_execute_command": false,
            "force_new_deployment": null,
            "health_check_grace_period_seconds": 0,
            "iam_role": "/aws-service-role/ecs.amazonaws.com/AWSServiceRoleForECS",
            "id": "arn:aws:ecs:us-east-1:521503820723:service/jerin-cluster/Node-App-1",
            "launch_type": "FARGATE",
            "load_balancer": [
              {
                "container_name": "Node-App-1",
                "container_port": 3000,
                "elb_name": "",
                "target_group_arn": "arn:aws:elasticloadbalancing:us-east-1:521503820723:targetgroup/node-app-1/0c1b9cdf83e6f6a7"
              }
            ],
            "name": "Node-App-1",
            "network_configuration": [
              {
                "assign_public_ip": true,
                "security_groups": [
                  "sg-06c6908ca71b4f7c1"
                ],
                "subnets": [
                  "subnet-0222bdaf259d65cfd",
                  "subnet-02bc4f1f3f7e26416",
                  "subnet-04927f289a3adc145",
                  "subnet-0c96dbe2d6eb02c84",
                  "subnet-0d3b9ae0b41956f19",
                  "subnet-0fbf5f87f72b258af"
                ]
              }
            ],
            "ordered_placement_strategy": [],
            "placement_constraints": [],
            "platform_version": "LATEST",
            "propagate_tags": "NONE",
            "scheduling_strategy": "REPLICA",
            "service_connect_configuration": [],
            "service_registries": [],
            "tags": {
              "Name": "Node-App-1"
            },
            "tags_all": {
              "Name": "Node-App-1"
            },
            "task_definition": "arn:aws:ecs:us-east-1:521503820723:task-definition/Node-App-1:35",
            "timeouts": null,
            "triggers": {},
            "wait_for_steady_state": false
          },
          "sensitive_attributes": [],
          "private": "eyJlMmJmYjczMC1lY2FhLTExZTYtOGY4OC0zNDM2M2JjN2M0YzAiOnsiY3JlYXRlIjoxMjAwMDAwMDAwMDAwLCJkZWxldGUiOjEyMDAwMDAwMDAwMDAsInVwZGF0ZSI6MTIwMDAwMDAwMDAwMH19",
          "dependencies": [
            "data.aws_subnets.this",
            "module.ec2.aws_eip.this",
            "module.ec2.aws_iam_instance_profile.this",
            "module.ec2.aws_iam_role.ec2_role",
            "module.ec2.aws_iam_role_policy.ec2_policy",
            "module.ec2.aws_instance.this",
            "module.ecs.aws_ecr_repository.this",
            "module.ecs.aws_ecs_cluster.this",
            "module.ecs.aws_ecs_task_definition.ignore_changes",
            "module.ecs.aws_ecs_task_definition.this",
            "module.ecs.aws_iam_role.this",
            "module.ecs.data.aws_caller_identity.this",
            "module.ecs.data.aws_region.this",
            "module.load-balancer.aws_lb.this",
            "module.load-balancer.aws_lb_listener.http",
            "module.load-balancer.aws_lb_listener.https",
            "module.load-balancer.aws_lb_listener_rule.http",
            "module.load-balancer.aws_lb_listener_rule.https",
            "module.load-balancer.aws_lb_target_group.this",
            "module.load-balancer.aws_lb_target_group_attachment.this",
            "module.load-balancer.data.aws_caller_identity.this",
            "module.load-balancer.data.aws_region.this",
            "module.security-group-ec2.aws_security_group.this",
            "module.security-group-ec2.aws_security_group_rule.egress",
            "module.security-group-ec2.aws_security_group_rule.egress-source-sg",
            "module.security-group-ec2.aws_security_group_rule.ingress",
            "module.security-group-ec2.aws_security_group_rule.source-sg-tcp",
            "module.security-group-ec2.aws_security_group_rule.source-sg-udp",
            "module.security-group-ec2.aws_security_group_rule.ssh_ingress",
            "module.security-group-ec2.aws_security_group_rule.udp",
            "module.security-group-ecs.aws_security_group.this",
            "module.security-group-ecs.aws_security_group_rule.egress",
            "module.security-group-ecs.aws_security_group_rule.egress-source-sg",
            "module.security-group-ecs.aws_security_group_rule.ingress",
            "module.security-group-ecs.aws_security_group_rule.source-sg-tcp",
            "module.security-group-ecs.aws_security_group_rule.source-sg-udp",
            "module.security-group-ecs.aws_security_group_rule.ssh_ingress",
            "module.security-group-ecs.aws_security_group_rule.udp",
            "module.security-group-lb.aws_security_group.this",
            "module.security-group-lb.aws_security_group_rule.egress",
            "module.security-group-lb.aws_security_group_rule.egress-source-sg",
            "module.security-group-lb.aws_security_group_rule.ingress",
            "module.security-group-lb.aws_security_group_rule.source-sg-tcp",
            "module.security-group-lb.aws_security_group_rule.source-sg-udp",
            "module.security-group-lb.aws_security_group_rule.ssh_ingress",
            "module.security-group-lb.aws_security_group_rule.udp"
          ]
        }
      ]
    },
    {
      "module": "module.ecs[0]",
      "mode": "managed",
      "type": "aws_ecs_task_definition",
      "name": "ignore_changes",
      "provider": "provider[\"registry.terraform.io/hashicorp/aws\"]",
      "instances": [
        {
          "index_key": 0,
          "schema_version": 1,
          "attributes": {
            "arn": "arn:aws:ecs:us-east-1:521503820723:task-definition/Node-App-1:34",
            "arn_without_revision": "arn:aws:ecs:us-east-1:521503820723:task-definition/Node-App-1",
            "container_definitions": "[{\"cpu\":0,\"environment\":[],\"essential\":true,\"image\":\"521503820723.dkr.ecr.us-east-1.amazonaws.com/node-app-1:latest\",\"logConfiguration\":{\"logDriver\":\"awslogs\",\"options\":{\"awslogs-group\":\"/ecs/Node-App-1\",\"awslogs-region\":\"us-east-1\",\"awslogs-stream-prefix\":\"ecs\"}},\"mountPoints\":[],\"name\":\"Node-App-1\",\"portMappings\":[{\"containerPort\":3000,\"hostPort\":3000,\"protocol\":\"tcp\"}],\"volumesFrom\":[]}]",
            "cpu": "256",
            "ephemeral_storage": [],
            "execution_role_arn": "arn:aws:iam::521503820723:role/Node-App-1-ecs-role",
            "family": "Node-App-1",
            "id": "Node-App-1",
            "inference_accelerator": [],
            "ipc_mode": "",
            "memory": "512",
            "network_mode": "awsvpc",
            "pid_mode": "",
            "placement_constraints": [],
            "proxy_configuration": [],
            "requires_compatibilities": [
              "FARGATE"
            ],
            "revision": 34,
            "runtime_platform": [
              {
                "cpu_architecture": "X86_64",
                "operating_system_family": "LINUX"
              }
            ],
            "skip_destroy": false,
            "tags": {
              "Name": "Node-App-1"
            },
            "tags_all": {
              "Name": "Node-App-1"
            },
            "task_role_arn": "arn:aws:iam::521503820723:role/Node-App-1-ecs-role",
            "volume": []
          },
          "sensitive_attributes": [],
          "private": "eyJzY2hlbWFfdmVyc2lvbiI6IjEifQ==",
          "dependencies": [
            "module.ecs.aws_ecr_repository.this",
            "module.ecs.aws_iam_role.this",
            "module.ecs.data.aws_caller_identity.this",
            "module.ecs.data.aws_region.this"
          ]
        }
      ]
    },
    {
      "module": "module.ecs[0]",
      "mode": "managed",
      "type": "aws_iam_role",
      "name": "this",
      "provider": "provider[\"registry.terraform.io/hashicorp/aws\"]",
      "instances": [
        {
          "index_key": 0,
          "schema_version": 0,
          "attributes": {
            "arn": "arn:aws:iam::521503820723:role/Node-App-1-ecs-role",
            "assume_role_policy": "{\"Statement\":[{\"Action\":[\"sts:AssumeRole\"],\"Effect\":\"Allow\",\"Principal\":{\"Service\":\"ecs-tasks.amazonaws.com\"}}],\"Version\":\"2012-10-17\"}",
            "create_date": "2023-12-14T06:33:52Z",
            "description": "",
            "force_detach_policies": false,
            "id": "Node-App-1-ecs-role",
            "inline_policy": [
              {
                "name": "Node-App-1-ecs-policy",
                "policy": "{\"Version\":\"2012-10-17\",\"Statement\":[{\"Action\":[\"ecr:BatchCheckLayerAvailability\",\"ecr:GetDownloadUrlForLayer\",\"ecr:BatchGetImage\"],\"Effect\":\"Allow\",\"Resource\":[\"arn:aws:ecr:us-east-1:521503820723:repository/node-app-1\"]},{\"Action\":[\"ecr:GetAuthorizationToken\"],\"Effect\":\"Allow\",\"Resource\":\"*\"},{\"Action\":[\"logs:CreateLogStream\",\"logs:PutLogEvents\"],\"Effect\":\"Allow\",\"Resource\":[\"arn:aws:logs:us-east-1:521503820723:log-group:/ecs/Node-App-1\",\"arn:aws:logs:us-east-1:521503820723:log-group:/ecs/Node-App-1:*\"]}]}"
              }
            ],
            "managed_policy_arns": [],
            "max_session_duration": 3600,
            "name": "Node-App-1-ecs-role",
            "name_prefix": "",
            "path": "/",
            "permissions_boundary": "",
            "tags": {},
            "tags_all": {},
            "unique_id": "AROAXS3AMZOZVNY5VLTVA"
          },
          "sensitive_attributes": [],
          "private": "bnVsbA=="
        }
      ]
    },
    {
      "module": "module.ecs[0]",
      "mode": "managed",
      "type": "aws_iam_role_policy",
      "name": "this",
      "provider": "provider[\"registry.terraform.io/hashicorp/aws\"]",
      "instances": [
        {
          "index_key": 0,
          "schema_version": 0,
          "attributes": {
            "id": "Node-App-1-ecs-role:Node-App-1-ecs-policy",
            "name": "Node-App-1-ecs-policy",
            "name_prefix": "",
            "policy": "{\"Version\":\"2012-10-17\",\"Statement\":[{\"Action\":[\"ecr:BatchCheckLayerAvailability\",\"ecr:GetDownloadUrlForLayer\",\"ecr:BatchGetImage\"],\"Effect\":\"Allow\",\"Resource\":[\"arn:aws:ecr:us-east-1:521503820723:repository/node-app-1\"]},{\"Action\":[\"ecr:GetAuthorizationToken\"],\"Effect\":\"Allow\",\"Resource\":\"*\"},{\"Action\":[\"logs:CreateLogStream\",\"logs:PutLogEvents\"],\"Effect\":\"Allow\",\"Resource\":[\"arn:aws:logs:us-east-1:521503820723:log-group:/ecs/Node-App-1\",\"arn:aws:logs:us-east-1:521503820723:log-group:/ecs/Node-App-1:*\"]}]}",
            "role": "Node-App-1-ecs-role"
          },
          "sensitive_attributes": [],
          "private": "bnVsbA==",
          "dependencies": [
            "module.ecs.aws_cloudwatch_log_group.this",
            "module.ecs.aws_ecr_repository.this",
            "module.ecs.aws_iam_role.this"
          ]
        }
      ]
    },
    {
      "module": "module.load-balancer[0]",
      "mode": "data",
      "type": "aws_caller_identity",
      "name": "this",
      "provider": "provider[\"registry.terraform.io/hashicorp/aws\"]",
      "instances": [
        {
          "schema_version": 0,
          "attributes": {
            "account_id": "521503820723",
            "arn": "arn:aws:iam::521503820723:user/gem",
            "id": "521503820723",
            "user_id": "AIDAXS3AMZOZQJD3N3B7D"
          },
          "sensitive_attributes": []
        }
      ]
    },
    {
      "module": "module.load-balancer[0]",
      "mode": "data",
      "type": "aws_region",
      "name": "this",
      "provider": "provider[\"registry.terraform.io/hashicorp/aws\"]",
      "instances": [
        {
          "schema_version": 0,
          "attributes": {
            "description": "US East (N. Virginia)",
            "endpoint": "ec2.us-east-1.amazonaws.com",
            "id": "us-east-1",
            "name": "us-east-1"
          },
          "sensitive_attributes": []
        }
      ]
    },
    {
      "module": "module.load-balancer[0]",
      "mode": "managed",
      "type": "aws_lb",
      "name": "this",
      "provider": "provider[\"registry.terraform.io/hashicorp/aws\"]",
      "instances": [
        {
          "index_key": 0,
          "schema_version": 0,
          "attributes": {
            "access_logs": [
              {
                "bucket": "",
                "enabled": false,
                "prefix": ""
              }
            ],
            "arn": "arn:aws:elasticloadbalancing:us-east-1:521503820723:loadbalancer/app/jerin-tf/d07339d8843807f6",
            "arn_suffix": "app/jerin-tf/d07339d8843807f6",
            "customer_owned_ipv4_pool": "",
            "desync_mitigation_mode": "defensive",
            "dns_name": "jerin-tf-2109952822.us-east-1.elb.amazonaws.com",
            "dns_record_client_routing_policy": null,
            "drop_invalid_header_fields": false,
            "enable_cross_zone_load_balancing": true,
            "enable_deletion_protection": false,
            "enable_http2": true,
            "enable_tls_version_and_cipher_suite_headers": false,
            "enable_waf_fail_open": false,
            "enable_xff_client_port": false,
            "id": "arn:aws:elasticloadbalancing:us-east-1:521503820723:loadbalancer/app/jerin-tf/d07339d8843807f6",
            "idle_timeout": 60,
            "internal": false,
            "ip_address_type": "ipv4",
            "load_balancer_type": "application",
            "name": "jerin-tf",
            "name_prefix": "",
            "preserve_host_header": false,
            "security_groups": [
              "sg-048416bdeff616625"
            ],
            "subnet_mapping": [
              {
                "allocation_id": "",
                "ipv6_address": "",
                "outpost_id": "",
                "private_ipv4_address": "",
                "subnet_id": "subnet-0222bdaf259d65cfd"
              },
              {
                "allocation_id": "",
                "ipv6_address": "",
                "outpost_id": "",
                "private_ipv4_address": "",
                "subnet_id": "subnet-02bc4f1f3f7e26416"
              },
              {
                "allocation_id": "",
                "ipv6_address": "",
                "outpost_id": "",
                "private_ipv4_address": "",
                "subnet_id": "subnet-04927f289a3adc145"
              },
              {
                "allocation_id": "",
                "ipv6_address": "",
                "outpost_id": "",
                "private_ipv4_address": "",
                "subnet_id": "subnet-0c96dbe2d6eb02c84"
              },
              {
                "allocation_id": "",
                "ipv6_address": "",
                "outpost_id": "",
                "private_ipv4_address": "",
                "subnet_id": "subnet-0d3b9ae0b41956f19"
              },
              {
                "allocation_id": "",
                "ipv6_address": "",
                "outpost_id": "",
                "private_ipv4_address": "",
                "subnet_id": "subnet-0fbf5f87f72b258af"
              }
            ],
            "subnets": [
              "subnet-0222bdaf259d65cfd",
              "subnet-02bc4f1f3f7e26416",
              "subnet-04927f289a3adc145",
              "subnet-0c96dbe2d6eb02c84",
              "subnet-0d3b9ae0b41956f19",
              "subnet-0fbf5f87f72b258af"
            ],
            "tags": {
              "Name": "jerin-tf"
            },
            "tags_all": {
              "Name": "jerin-tf"
            },
            "timeouts": null,
            "vpc_id": "vpc-03b17fb842cf1c5fc",
            "xff_header_processing_mode": "append",
            "zone_id": "Z35SXDOTRQ7X7K"
          },
          "sensitive_attributes": [],
          "private": "eyJlMmJmYjczMC1lY2FhLTExZTYtOGY4OC0zNDM2M2JjN2M0YzAiOnsiY3JlYXRlIjo2MDAwMDAwMDAwMDAsImRlbGV0ZSI6NjAwMDAwMDAwMDAwLCJ1cGRhdGUiOjYwMDAwMDAwMDAwMH19",
          "dependencies": [
            "data.aws_subnets.this",
            "module.security-group-lb.aws_security_group.this"
          ]
        }
      ]
    },
    {
      "module": "module.load-balancer[0]",
      "mode": "managed",
      "type": "aws_lb_listener",
      "name": "http",
      "provider": "provider[\"registry.terraform.io/hashicorp/aws\"]",
      "instances": [
        {
          "index_key": 0,
          "schema_version": 0,
          "attributes": {
            "alpn_policy": null,
            "arn": "arn:aws:elasticloadbalancing:us-east-1:521503820723:listener/app/jerin-tf/d07339d8843807f6/008900061fdc591b",
            "certificate_arn": null,
            "default_action": [
              {
                "authenticate_cognito": [],
                "authenticate_oidc": [],
                "fixed_response": [],
                "forward": [],
                "order": 1,
                "redirect": [
                  {
                    "host": "#{host}",
                    "path": "/#{path}",
                    "port": "443",
                    "protocol": "HTTPS",
                    "query": "#{query}",
                    "status_code": "HTTP_301"
                  }
                ],
                "target_group_arn": "",
                "type": "redirect"
              }
            ],
            "id": "arn:aws:elasticloadbalancing:us-east-1:521503820723:listener/app/jerin-tf/d07339d8843807f6/008900061fdc591b",
            "load_balancer_arn": "arn:aws:elasticloadbalancing:us-east-1:521503820723:loadbalancer/app/jerin-tf/d07339d8843807f6",
            "port": 80,
            "protocol": "HTTP",
            "ssl_policy": "",
            "tags": {},
            "tags_all": {},
            "timeouts": null
          },
          "sensitive_attributes": [],
          "private": "eyJlMmJmYjczMC1lY2FhLTExZTYtOGY4OC0zNDM2M2JjN2M0YzAiOnsicmVhZCI6NjAwMDAwMDAwMDAwfX0=",
          "dependencies": [
            "data.aws_subnets.this",
            "module.load-balancer.aws_lb.this",
            "module.load-balancer.aws_lb_target_group.this",
            "module.security-group-lb.aws_security_group.this"
          ]
        }
      ]
    },
    {
      "module": "module.load-balancer[0]",
      "mode": "managed",
      "type": "aws_lb_listener",
      "name": "https",
      "provider": "provider[\"registry.terraform.io/hashicorp/aws\"]",
      "instances": [
        {
          "index_key": 0,
          "schema_version": 0,
          "attributes": {
            "alpn_policy": null,
            "arn": "arn:aws:elasticloadbalancing:us-east-1:521503820723:listener/app/jerin-tf/d07339d8843807f6/4de86477d088c97b",
            "certificate_arn": "arn:aws:acm:us-east-1:521503820723:certificate/6d0fffd8-da19-447c-8d21-5ea0f30c0f64",
            "default_action": [
              {
                "authenticate_cognito": [],
                "authenticate_oidc": [],
                "fixed_response": [],
                "forward": [],
                "order": 1,
                "redirect": [],
                "target_group_arn": "arn:aws:elasticloadbalancing:us-east-1:521503820723:targetgroup/node-app-1/0c1b9cdf83e6f6a7",
                "type": "forward"
              }
            ],
            "id": "arn:aws:elasticloadbalancing:us-east-1:521503820723:listener/app/jerin-tf/d07339d8843807f6/4de86477d088c97b",
            "load_balancer_arn": "arn:aws:elasticloadbalancing:us-east-1:521503820723:loadbalancer/app/jerin-tf/d07339d8843807f6",
            "port": 443,
            "protocol": "HTTPS",
            "ssl_policy": "ELBSecurityPolicy-TLS13-1-2-2021-06",
            "tags": {},
            "tags_all": {},
            "timeouts": null
          },
          "sensitive_attributes": [],
          "private": "eyJlMmJmYjczMC1lY2FhLTExZTYtOGY4OC0zNDM2M2JjN2M0YzAiOnsicmVhZCI6NjAwMDAwMDAwMDAwfX0=",
          "dependencies": [
            "data.aws_subnets.this",
            "module.load-balancer.aws_lb.this",
            "module.load-balancer.aws_lb_target_group.this",
            "module.security-group-lb.aws_security_group.this"
          ]
        }
      ]
    },
    {
      "module": "module.load-balancer[0]",
      "mode": "managed",
      "type": "aws_lb_target_group",
      "name": "this",
      "provider": "provider[\"registry.terraform.io/hashicorp/aws\"]",
      "instances": [
        {
          "index_key": 0,
          "schema_version": 0,
          "attributes": {
            "arn": "arn:aws:elasticloadbalancing:us-east-1:521503820723:targetgroup/node-app-1/0c1b9cdf83e6f6a7",
            "arn_suffix": "targetgroup/node-app-1/0c1b9cdf83e6f6a7",
            "connection_termination": null,
            "deregistration_delay": "300",
            "health_check": [
              {
                "enabled": true,
                "healthy_threshold": 5,
                "interval": 30,
                "matcher": "200-410",
                "path": "/",
                "port": "3000",
                "protocol": "HTTP",
                "timeout": 5,
                "unhealthy_threshold": 3
              }
            ],
            "id": "arn:aws:elasticloadbalancing:us-east-1:521503820723:targetgroup/node-app-1/0c1b9cdf83e6f6a7",
            "ip_address_type": "ipv4",
            "lambda_multi_value_headers_enabled": false,
            "load_balancing_algorithm_type": "round_robin",
            "load_balancing_cross_zone_enabled": "use_load_balancer_configuration",
            "name": "node-app-1",
            "name_prefix": "",
            "port": 80,
            "preserve_client_ip": null,
            "protocol": "HTTP",
            "protocol_version": "HTTP1",
            "proxy_protocol_v2": false,
            "slow_start": 0,
            "stickiness": [
              {
                "cookie_duration": 86400,
                "cookie_name": "",
                "enabled": false,
                "type": "lb_cookie"
              }
            ],
            "tags": {
              "Name": "Node-App-1"
            },
            "tags_all": {
              "Name": "Node-App-1"
            },
            "target_failover": [
              {
                "on_deregistration": null,
                "on_unhealthy": null
              }
            ],
            "target_health_state": [
              {
                "enable_unhealthy_connection_termination": null
              }
            ],
            "target_type": "ip",
            "vpc_id": "vpc-03b17fb842cf1c5fc"
          },
          "sensitive_attributes": [],
          "private": "bnVsbA=="
        }
      ]
    },
    {
      "module": "module.security-group-ecs[0]",
      "mode": "managed",
      "type": "aws_security_group",
      "name": "this",
      "provider": "provider[\"registry.terraform.io/hashicorp/aws\"]",
      "instances": [
        {
          "index_key": 0,
          "schema_version": 1,
          "attributes": {
            "arn": "arn:aws:ec2:us-east-1:521503820723:security-group/sg-06c6908ca71b4f7c1",
            "description": "VPC created by terraform",
            "egress": [
              {
                "cidr_blocks": [
                  "0.0.0.0/0"
                ],
                "description": "",
                "from_port": 0,
                "ipv6_cidr_blocks": [],
                "prefix_list_ids": [],
                "protocol": "-1",
                "security_groups": [],
                "self": false,
                "to_port": 0
              }
            ],
            "id": "sg-06c6908ca71b4f7c1",
            "ingress": [
              {
                "cidr_blocks": [],
                "description": "",
                "from_port": 3000,
                "ipv6_cidr_blocks": [],
                "prefix_list_ids": [],
                "protocol": "tcp",
                "security_groups": [
                  "sg-048416bdeff616625"
                ],
                "self": false,
                "to_port": 3000
              }
            ],
            "name": "Node-App-1-ECS",
            "name_prefix": "",
            "owner_id": "521503820723",
            "revoke_rules_on_delete": false,
            "tags": {
              "Name": "Node-App-1-ECS"
            },
            "tags_all": {
              "Name": "Node-App-1-ECS"
            },
            "timeouts": null,
            "vpc_id": "vpc-03b17fb842cf1c5fc"
          },
          "sensitive_attributes": [],
          "private": "eyJlMmJmYjczMC1lY2FhLTExZTYtOGY4OC0zNDM2M2JjN2M0YzAiOnsiY3JlYXRlIjo2MDAwMDAwMDAwMDAsImRlbGV0ZSI6OTAwMDAwMDAwMDAwfSwic2NoZW1hX3ZlcnNpb24iOiIxIn0="
        }
      ]
    },
    {
      "module": "module.security-group-ecs[0]",
      "mode": "managed",
      "type": "aws_security_group_rule",
      "name": "egress",
      "provider": "provider[\"registry.terraform.io/hashicorp/aws\"]",
      "instances": [
        {
          "index_key": 0,
          "schema_version": 2,
          "attributes": {
            "cidr_blocks": [
              "0.0.0.0/0"
            ],
            "description": "",
            "from_port": 0,
            "id": "sgrule-404108015",
            "ipv6_cidr_blocks": null,
            "prefix_list_ids": null,
            "protocol": "-1",
            "security_group_id": "sg-06c6908ca71b4f7c1",
            "security_group_rule_id": "sgr-06b5344abf1db622f",
            "self": false,
            "source_security_group_id": null,
            "timeouts": null,
            "to_port": 0,
            "type": "egress"
          },
          "sensitive_attributes": [],
          "private": "eyJlMmJmYjczMC1lY2FhLTExZTYtOGY4OC0zNDM2M2JjN2M0YzAiOnsiY3JlYXRlIjozMDAwMDAwMDAwMDB9LCJzY2hlbWFfdmVyc2lvbiI6IjIifQ==",
          "dependencies": [
            "module.security-group-ecs.aws_security_group.this"
          ]
        }
      ]
    },
    {
      "module": "module.security-group-ecs[0]",
      "mode": "managed",
      "type": "aws_security_group_rule",
      "name": "source-sg-tcp",
      "provider": "provider[\"registry.terraform.io/hashicorp/aws\"]",
      "instances": [
        {
          "index_key": 0,
          "schema_version": 2,
          "attributes": {
            "cidr_blocks": null,
            "description": "",
            "from_port": 3000,
            "id": "sgrule-2117366728",
            "ipv6_cidr_blocks": null,
            "prefix_list_ids": null,
            "protocol": "tcp",
            "security_group_id": "sg-06c6908ca71b4f7c1",
            "security_group_rule_id": "sgr-0b5ec6bba401d7d31",
            "self": false,
            "source_security_group_id": "sg-048416bdeff616625",
            "timeouts": null,
            "to_port": 3000,
            "type": "ingress"
          },
          "sensitive_attributes": [],
          "private": "eyJlMmJmYjczMC1lY2FhLTExZTYtOGY4OC0zNDM2M2JjN2M0YzAiOnsiY3JlYXRlIjozMDAwMDAwMDAwMDB9LCJzY2hlbWFfdmVyc2lvbiI6IjIifQ==",
          "dependencies": [
            "module.security-group-ecs.aws_security_group.this",
            "module.security-group-lb.aws_security_group.this",
            "module.security-group-lb.aws_security_group_rule.egress",
            "module.security-group-lb.aws_security_group_rule.egress-source-sg",
            "module.security-group-lb.aws_security_group_rule.ingress",
            "module.security-group-lb.aws_security_group_rule.source-sg-tcp",
            "module.security-group-lb.aws_security_group_rule.source-sg-udp",
            "module.security-group-lb.aws_security_group_rule.ssh_ingress",
            "module.security-group-lb.aws_security_group_rule.udp"
          ]
        }
      ]
    },
    {
      "module": "module.security-group-lb[0]",
      "mode": "managed",
      "type": "aws_security_group",
      "name": "this",
      "provider": "provider[\"registry.terraform.io/hashicorp/aws\"]",
      "instances": [
        {
          "index_key": 0,
          "schema_version": 1,
          "attributes": {
            "arn": "arn:aws:ec2:us-east-1:521503820723:security-group/sg-048416bdeff616625",
            "description": "VPC created by terraform",
            "egress": [
              {
                "cidr_blocks": [
                  "0.0.0.0/0"
                ],
                "description": "",
                "from_port": 0,
                "ipv6_cidr_blocks": [],
                "prefix_list_ids": [],
                "protocol": "-1",
                "security_groups": [],
                "self": false,
                "to_port": 0
              }
            ],
            "id": "sg-048416bdeff616625",
            "ingress": [
              {
                "cidr_blocks": [
                  "0.0.0.0/0"
                ],
                "description": "",
                "from_port": 443,
                "ipv6_cidr_blocks": [],
                "prefix_list_ids": [],
                "protocol": "tcp",
                "security_groups": [],
                "self": false,
                "to_port": 443
              },
              {
                "cidr_blocks": [
                  "0.0.0.0/0"
                ],
                "description": "",
                "from_port": 80,
                "ipv6_cidr_blocks": [],
                "prefix_list_ids": [],
                "protocol": "tcp",
                "security_groups": [],
                "self": false,
                "to_port": 80
              }
            ],
            "name": "jerin-tf-LB",
            "name_prefix": "",
            "owner_id": "521503820723",
            "revoke_rules_on_delete": false,
            "tags": {
              "Name": "jerin-tf-LB"
            },
            "tags_all": {
              "Name": "jerin-tf-LB"
            },
            "timeouts": null,
            "vpc_id": "vpc-03b17fb842cf1c5fc"
          },
          "sensitive_attributes": [],
          "private": "eyJlMmJmYjczMC1lY2FhLTExZTYtOGY4OC0zNDM2M2JjN2M0YzAiOnsiY3JlYXRlIjo2MDAwMDAwMDAwMDAsImRlbGV0ZSI6OTAwMDAwMDAwMDAwfSwic2NoZW1hX3ZlcnNpb24iOiIxIn0="
        }
      ]
    },
    {
      "module": "module.security-group-lb[0]",
      "mode": "managed",
      "type": "aws_security_group_rule",
      "name": "egress",
      "provider": "provider[\"registry.terraform.io/hashicorp/aws\"]",
      "instances": [
        {
          "index_key": 0,
          "schema_version": 2,
          "attributes": {
            "cidr_blocks": [
              "0.0.0.0/0"
            ],
            "description": "",
            "from_port": 0,
            "id": "sgrule-1938055838",
            "ipv6_cidr_blocks": null,
            "prefix_list_ids": null,
            "protocol": "-1",
            "security_group_id": "sg-048416bdeff616625",
            "security_group_rule_id": "sgr-0ea0b7034d5f31d92",
            "self": false,
            "source_security_group_id": null,
            "timeouts": null,
            "to_port": 0,
            "type": "egress"
          },
          "sensitive_attributes": [],
          "private": "eyJlMmJmYjczMC1lY2FhLTExZTYtOGY4OC0zNDM2M2JjN2M0YzAiOnsiY3JlYXRlIjozMDAwMDAwMDAwMDB9LCJzY2hlbWFfdmVyc2lvbiI6IjIifQ==",
          "dependencies": [
            "module.security-group-lb.aws_security_group.this"
          ]
        }
      ]
    },
    {
      "module": "module.security-group-lb[0]",
      "mode": "managed",
      "type": "aws_security_group_rule",
      "name": "ingress",
      "provider": "provider[\"registry.terraform.io/hashicorp/aws\"]",
      "instances": [
        {
          "index_key": 0,
          "schema_version": 2,
          "attributes": {
            "cidr_blocks": [
              "0.0.0.0/0"
            ],
            "description": "",
            "from_port": 80,
            "id": "sgrule-3870520293",
            "ipv6_cidr_blocks": null,
            "prefix_list_ids": null,
            "protocol": "tcp",
            "security_group_id": "sg-048416bdeff616625",
            "security_group_rule_id": "sgr-0d8a75b642add02c5",
            "self": false,
            "source_security_group_id": null,
            "timeouts": null,
            "to_port": 80,
            "type": "ingress"
          },
          "sensitive_attributes": [],
          "private": "eyJlMmJmYjczMC1lY2FhLTExZTYtOGY4OC0zNDM2M2JjN2M0YzAiOnsiY3JlYXRlIjozMDAwMDAwMDAwMDB9LCJzY2hlbWFfdmVyc2lvbiI6IjIifQ==",
          "dependencies": [
            "module.security-group-lb.aws_security_group.this"
          ]
        },
        {
          "index_key": 1,
          "schema_version": 2,
          "attributes": {
            "cidr_blocks": [
              "0.0.0.0/0"
            ],
            "description": "",
            "from_port": 443,
            "id": "sgrule-1277600622",
            "ipv6_cidr_blocks": null,
            "prefix_list_ids": null,
            "protocol": "tcp",
            "security_group_id": "sg-048416bdeff616625",
            "security_group_rule_id": "sgr-01786091c27917131",
            "self": false,
            "source_security_group_id": null,
            "timeouts": null,
            "to_port": 443,
            "type": "ingress"
          },
          "sensitive_attributes": [],
          "private": "eyJlMmJmYjczMC1lY2FhLTExZTYtOGY4OC0zNDM2M2JjN2M0YzAiOnsiY3JlYXRlIjozMDAwMDAwMDAwMDB9LCJzY2hlbWFfdmVyc2lvbiI6IjIifQ==",
          "dependencies": [
            "module.security-group-lb.aws_security_group.this"
          ]
        }
      ]
    }
  ],
  "check_results": null
}
